// !$*UTF8*$!
{
	archiveVersion = 1;
	classes = {
	};
	objectVersion = 46;
	objects = {

/* Begin PBXBuildFile section */
		40001F631B99895A007D2DBA /* AppDelegate.m in Sources */ = {isa = PBXBuildFile; fileRef = 40001F5D1B99895A007D2DBA /* AppDelegate.m */; };
		40001F641B99895A007D2DBA /* main.m in Sources */ = {isa = PBXBuildFile; fileRef = 40001F601B99895A007D2DBA /* main.m */; };
		40001F671B998CC1007D2DBA /* DZYTabBarController.m in Sources */ = {isa = PBXBuildFile; fileRef = 40001F661B998CC1007D2DBA /* DZYTabBarController.m */; };
		40001F6A1B998D41007D2DBA /* DZYEssenceViewController.m in Sources */ = {isa = PBXBuildFile; fileRef = 40001F691B998D41007D2DBA /* DZYEssenceViewController.m */; };
		40001F6D1B998D6A007D2DBA /* DZYFriendTrendsViewController.m in Sources */ = {isa = PBXBuildFile; fileRef = 40001F6C1B998D6A007D2DBA /* DZYFriendTrendsViewController.m */; };
		40001F701B998D76007D2DBA /* DZYMeViewController.m in Sources */ = {isa = PBXBuildFile; fileRef = 40001F6F1B998D76007D2DBA /* DZYMeViewController.m */; };
		40001F731B998D84007D2DBA /* DZYNewViewController.m in Sources */ = {isa = PBXBuildFile; fileRef = 40001F721B998D84007D2DBA /* DZYNewViewController.m */; };
		40001F761B999313007D2DBA /* DZYTabBar.m in Sources */ = {isa = PBXBuildFile; fileRef = 40001F751B999313007D2DBA /* DZYTabBar.m */; };
		40001F7A1B99A6D7007D2DBA /* UIBarButtonItem+DZYExtension.m in Sources */ = {isa = PBXBuildFile; fileRef = 40001F791B99A6D7007D2DBA /* UIBarButtonItem+DZYExtension.m */; };
		40001F7D1B99A964007D2DBA /* DZYTagViewController.m in Sources */ = {isa = PBXBuildFile; fileRef = 40001F7C1B99A964007D2DBA /* DZYTagViewController.m */; };
		40001F801B99AB9E007D2DBA /* DZYSettingViewController.m in Sources */ = {isa = PBXBuildFile; fileRef = 40001F7F1B99AB9E007D2DBA /* DZYSettingViewController.m */; };
		401BA8CE1BABE83600DD6394 /* DZYSeeBigPictureViewController.m in Sources */ = {isa = PBXBuildFile; fileRef = 401BA8CC1BABE83600DD6394 /* DZYSeeBigPictureViewController.m */; };
		401BA8CF1BABE83600DD6394 /* DZYSeeBigPictureViewController.xib in Resources */ = {isa = PBXBuildFile; fileRef = 401BA8CD1BABE83600DD6394 /* DZYSeeBigPictureViewController.xib */; };
		401BA8D21BAC77B600DD6394 /* DZYTopicVideoView.m in Sources */ = {isa = PBXBuildFile; fileRef = 401BA8D11BAC77B600DD6394 /* DZYTopicVideoView.m */; };
		401BA8D41BAC77D400DD6394 /* DZYTopicVideoView.xib in Resources */ = {isa = PBXBuildFile; fileRef = 401BA8D31BAC77D400DD6394 /* DZYTopicVideoView.xib */; };
		401BA8D71BAC839A00DD6394 /* DZYTopicVioceView.m in Sources */ = {isa = PBXBuildFile; fileRef = 401BA8D61BAC839A00DD6394 /* DZYTopicVioceView.m */; };
		401BA8D91BAC83B700DD6394 /* DZYTopicVioceView.xib in Resources */ = {isa = PBXBuildFile; fileRef = 401BA8D81BAC83B700DD6394 /* DZYTopicVioceView.xib */; };
		402B088B1BA6F10B002BC995 /* DZYTopic.m in Sources */ = {isa = PBXBuildFile; fileRef = 402B088A1BA6F10B002BC995 /* DZYTopic.m */; };
		402B088F1BA6F167002BC995 /* DZYTopicCell.m in Sources */ = {isa = PBXBuildFile; fileRef = 402B088D1BA6F167002BC995 /* DZYTopicCell.m */; };
		402B08901BA6F167002BC995 /* DZYTopicCell.xib in Resources */ = {isa = PBXBuildFile; fileRef = 402B088E1BA6F167002BC995 /* DZYTopicCell.xib */; };
		402B08961BA71989002BC995 /* DZYMyFooter.m in Sources */ = {isa = PBXBuildFile; fileRef = 402B08951BA71989002BC995 /* DZYMyFooter.m */; };
		403DE86A1B9EC7EB00958B0A /* NSString+DZYExtension.m in Sources */ = {isa = PBXBuildFile; fileRef = 403DE8691B9EC7EB00958B0A /* NSString+DZYExtension.m */; };
		403DE86D1B9ED90500958B0A /* DZYClearCachesCell.m in Sources */ = {isa = PBXBuildFile; fileRef = 403DE86C1B9ED90500958B0A /* DZYClearCachesCell.m */; };
		403DE8701B9EF5ED00958B0A /* DZYThirdCell.m in Sources */ = {isa = PBXBuildFile; fileRef = 403DE86F1B9EF5ED00958B0A /* DZYThirdCell.m */; };
		40400FEF1BA0936700B5B165 /* DZYPostWordViewController.m in Sources */ = {isa = PBXBuildFile; fileRef = 40400FEE1BA0936700B5B165 /* DZYPostWordViewController.m */; };
		40400FF51BA0975100B5B165 /* DZYPlaceholderTextView.m in Sources */ = {isa = PBXBuildFile; fileRef = 40400FF41BA0975100B5B165 /* DZYPlaceholderTextView.m */; };
		4045B7311BA2EBC3009469E1 /* DZYPostWordToolbar.m in Sources */ = {isa = PBXBuildFile; fileRef = 4045B7301BA2EBC3009469E1 /* DZYPostWordToolbar.m */; };
		4045B7331BA2EBF2009469E1 /* DZYPostWordToolbar.xib in Resources */ = {isa = PBXBuildFile; fileRef = 4045B7321BA2EBF2009469E1 /* DZYPostWordToolbar.xib */; };
		4045B7361BA2FDC1009469E1 /* UITextField+DZYExtension.m in Sources */ = {isa = PBXBuildFile; fileRef = 4045B7351BA2FDC1009469E1 /* UITextField+DZYExtension.m */; };
		4045B7391BA3389F009469E1 /* DZYAddTagViewController.m in Sources */ = {isa = PBXBuildFile; fileRef = 4045B7381BA3389F009469E1 /* DZYAddTagViewController.m */; };
		40531A671BA046DF006845C8 /* DZYPublishViewController.m in Sources */ = {isa = PBXBuildFile; fileRef = 40531A651BA046DF006845C8 /* DZYPublishViewController.m */; };
		40531A681BA046DF006845C8 /* DZYPublishViewController.xib in Resources */ = {isa = PBXBuildFile; fileRef = 40531A661BA046DF006845C8 /* DZYPublishViewController.xib */; };
		40531A6B1BA05A7F006845C8 /* DZYPublishButton.m in Sources */ = {isa = PBXBuildFile; fileRef = 40531A6A1BA05A7F006845C8 /* DZYPublishButton.m */; };
		405CA2B61B9AAD3700B09395 /* DZYNavigationController.m in Sources */ = {isa = PBXBuildFile; fileRef = 405CA2B51B9AAD3700B09395 /* DZYNavigationController.m */; };
		407FF9041B9AE48600D21B68 /* DZYFriendTrendsViewController.xib in Resources */ = {isa = PBXBuildFile; fileRef = 407FF9031B9AE48600D21B68 /* DZYFriendTrendsViewController.xib */; };
		407FF9081B9AF11700D21B68 /* DZYLoginRegisterViewController.m in Sources */ = {isa = PBXBuildFile; fileRef = 407FF9061B9AF11700D21B68 /* DZYLoginRegisterViewController.m */; };
		407FF9091B9AF11700D21B68 /* DZYLoginRegisterViewController.xib in Resources */ = {isa = PBXBuildFile; fileRef = 407FF9071B9AF11700D21B68 /* DZYLoginRegisterViewController.xib */; };
		407FF90C1B9B14E200D21B68 /* DZYQuickLoginButton.m in Sources */ = {isa = PBXBuildFile; fileRef = 407FF90B1B9B14E200D21B68 /* DZYQuickLoginButton.m */; };
		407FF90F1B9B17B300D21B68 /* UIView+DZYExtension.m in Sources */ = {isa = PBXBuildFile; fileRef = 407FF90E1B9B17B300D21B68 /* UIView+DZYExtension.m */; };
		407FF9121B9B38AD00D21B68 /* DZYLoginRegisterTextField.m in Sources */ = {isa = PBXBuildFile; fileRef = 407FF9111B9B38AD00D21B68 /* DZYLoginRegisterTextField.m */; };
		408CC2591BA9CA45003B06EA /* DZYTopicPictureView.m in Sources */ = {isa = PBXBuildFile; fileRef = 408CC2581BA9CA45003B06EA /* DZYTopicPictureView.m */; };
		408CC25B1BA9CA56003B06EA /* DZYTopicPictureView.xib in Resources */ = {isa = PBXBuildFile; fileRef = 408CC25A1BA9CA56003B06EA /* DZYTopicPictureView.xib */; };
		4094BB8B1B9DFF98000BEE54 /* DZYWebViewController.m in Sources */ = {isa = PBXBuildFile; fileRef = 4094BB891B9DFF98000BEE54 /* DZYWebViewController.m */; };
		4094BB8C1B9DFF98000BEE54 /* DZYWebViewController.xib in Resources */ = {isa = PBXBuildFile; fileRef = 4094BB8A1B9DFF98000BEE54 /* DZYWebViewController.xib */; };
		4096E2C91BA4364900C0A878 /* DZYTagButton.m in Sources */ = {isa = PBXBuildFile; fileRef = 4096E2C81BA4364900C0A878 /* DZYTagButton.m */; };
		4096E2CC1BA4705A00C0A878 /* DZYTagTextField.m in Sources */ = {isa = PBXBuildFile; fileRef = 4096E2CB1BA4705A00C0A878 /* DZYTagTextField.m */; };
		40972EE01BA7F40C005DFE27 /* NSDate+DZYExtension.m in Sources */ = {isa = PBXBuildFile; fileRef = 40972EDF1BA7F40C005DFE27 /* NSDate+DZYExtension.m */; };
		409C66AA1BAD2B9300DE79B1 /* DZYUser.m in Sources */ = {isa = PBXBuildFile; fileRef = 409C66A91BAD2B9300DE79B1 /* DZYUser.m */; };
		409C66AD1BAD2BA800DE79B1 /* DZYComment.m in Sources */ = {isa = PBXBuildFile; fileRef = 409C66AC1BAD2BA800DE79B1 /* DZYComment.m */; };
		409C66B01BAD378300DE79B1 /* MJExtensionConfig.m in Sources */ = {isa = PBXBuildFile; fileRef = 409C66AF1BAD378300DE79B1 /* MJExtensionConfig.m */; };
		409C66B41BAD483400DE79B1 /* DZYCommentViewController.m in Sources */ = {isa = PBXBuildFile; fileRef = 409C66B21BAD483400DE79B1 /* DZYCommentViewController.m */; };
		409C66B51BAD483400DE79B1 /* DZYCommentViewController.xib in Resources */ = {isa = PBXBuildFile; fileRef = 409C66B31BAD483400DE79B1 /* DZYCommentViewController.xib */; };
		409C66B91BAD537300DE79B1 /* DZYCommentCell.m in Sources */ = {isa = PBXBuildFile; fileRef = 409C66B71BAD537300DE79B1 /* DZYCommentCell.m */; };
		409C66BA1BAD537300DE79B1 /* DZYCommentCell.xib in Resources */ = {isa = PBXBuildFile; fileRef = 409C66B81BAD537300DE79B1 /* DZYCommentCell.xib */; };
		409C66C01BADA9E400DE79B1 /* DZYCommentHeadView.m in Sources */ = {isa = PBXBuildFile; fileRef = 409C66BF1BADA9E400DE79B1 /* DZYCommentHeadView.m */; };
		40A6F4091B9DA2B80026B079 /* DZYMeCell.m in Sources */ = {isa = PBXBuildFile; fileRef = 40A6F4081B9DA2B80026B079 /* DZYMeCell.m */; };
		40A6F40C1B9DB8710026B079 /* DZYMeFooterView.m in Sources */ = {isa = PBXBuildFile; fileRef = 40A6F40B1B9DB8710026B079 /* DZYMeFooterView.m */; };
		40A6F40F1B9DBC510026B079 /* DZYSquare.m in Sources */ = {isa = PBXBuildFile; fileRef = 40A6F40E1B9DBC510026B079 /* DZYSquare.m */; };
		40A6F4121B9DE7870026B079 /* DZYSquareButton.m in Sources */ = {isa = PBXBuildFile; fileRef = 40A6F4111B9DE7870026B079 /* DZYSquareButton.m */; };
		40CC7C781B9C145E00CC6105 /* DZYRecommendTagCell.m in Sources */ = {isa = PBXBuildFile; fileRef = 40CC7C761B9C145E00CC6105 /* DZYRecommendTagCell.m */; };
		40CC7C791B9C145E00CC6105 /* DZYRecommendTagCell.xib in Resources */ = {isa = PBXBuildFile; fileRef = 40CC7C771B9C145E00CC6105 /* DZYRecommendTagCell.xib */; };
		40CC7C7C1B9C4DF700CC6105 /* DZYRecommendTag.m in Sources */ = {isa = PBXBuildFile; fileRef = 40CC7C7B1B9C4DF700CC6105 /* DZYRecommendTag.m */; };
		40CC7C7E1B9C58E500CC6105 /* NSDictionary+LOG.m in Sources */ = {isa = PBXBuildFile; fileRef = 40CC7C7D1B9C58E500CC6105 /* NSDictionary+LOG.m */; };
		40D0F3FD1B9C827F00A24DF6 /* UIImage+DZYExtension.m in Sources */ = {isa = PBXBuildFile; fileRef = 40D0F3FC1B9C827F00A24DF6 /* UIImage+DZYExtension.m */; };
		40D0F4001B9C8AB300A24DF6 /* UIImageView+DZYExtension.m in Sources */ = {isa = PBXBuildFile; fileRef = 40D0F3FF1B9C8AB300A24DF6 /* UIImageView+DZYExtension.m */; };
		40D0F4081B9C9AB200A24DF6 /* DZYConst.m in Sources */ = {isa = PBXBuildFile; fileRef = 40D0F4071B9C9AB200A24DF6 /* DZYConst.m */; };
		40E1D1D31BA5D95700B14E84 /* DZYTitleButton.m in Sources */ = {isa = PBXBuildFile; fileRef = 40E1D1D21BA5D95700B14E84 /* DZYTitleButton.m */; };
		40E1D1D61BA5E55E00B14E84 /* DZYAllViewController.m in Sources */ = {isa = PBXBuildFile; fileRef = 40E1D1D51BA5E55E00B14E84 /* DZYAllViewController.m */; };
		40E1D1D91BA5E57800B14E84 /* DZYVideoViewController.m in Sources */ = {isa = PBXBuildFile; fileRef = 40E1D1D81BA5E57800B14E84 /* DZYVideoViewController.m */; };
		40E1D1DC1BA5E58900B14E84 /* DZYVoiceViewController.m in Sources */ = {isa = PBXBuildFile; fileRef = 40E1D1DB1BA5E58900B14E84 /* DZYVoiceViewController.m */; };
		40E1D1DF1BA5E59F00B14E84 /* DZYPictureViewController.m in Sources */ = {isa = PBXBuildFile; fileRef = 40E1D1DE1BA5E59F00B14E84 /* DZYPictureViewController.m */; };
		40E1D1E21BA5E5AF00B14E84 /* DZYWordViewController.m in Sources */ = {isa = PBXBuildFile; fileRef = 40E1D1E11BA5E5AF00B14E84 /* DZYWordViewController.m */; };
		40E40A721B996A78002A26D7 /* Images.xcassets in Resources */ = {isa = PBXBuildFile; fileRef = 40E40A711B996A78002A26D7 /* Images.xcassets */; };
		40E40A811B996A78002A26D7 /* BSTests.m in Sources */ = {isa = PBXBuildFile; fileRef = 40E40A801B996A78002A26D7 /* BSTests.m */; };
		F6B01BACEECC44CADE9F992C /* libPods.a in Frameworks */ = {isa = PBXBuildFile; fileRef = 78A1EDE84C19FD47A6EF197C /* libPods.a */; };
/* End PBXBuildFile section */

/* Begin PBXContainerItemProxy section */
		40E40A7B1B996A78002A26D7 /* PBXContainerItemProxy */ = {
			isa = PBXContainerItemProxy;
			containerPortal = 40E40A561B996A78002A26D7 /* Project object */;
			proxyType = 1;
			remoteGlobalIDString = 40E40A5D1B996A78002A26D7;
			remoteInfo = BS;
		};
/* End PBXContainerItemProxy section */

/* Begin PBXFileReference section */
		40001F5C1B99895A007D2DBA /* AppDelegate.h */ = {isa = PBXFileReference; fileEncoding = 4; lastKnownFileType = sourcecode.c.h; path = AppDelegate.h; sourceTree = "<group>"; };
		40001F5D1B99895A007D2DBA /* AppDelegate.m */ = {isa = PBXFileReference; fileEncoding = 4; lastKnownFileType = sourcecode.c.objc; path = AppDelegate.m; sourceTree = "<group>"; };
		40001F601B99895A007D2DBA /* main.m */ = {isa = PBXFileReference; fileEncoding = 4; lastKnownFileType = sourcecode.c.objc; path = main.m; sourceTree = "<group>"; };
		40001F651B998CC1007D2DBA /* DZYTabBarController.h */ = {isa = PBXFileReference; fileEncoding = 4; lastKnownFileType = sourcecode.c.h; path = DZYTabBarController.h; sourceTree = "<group>"; };
		40001F661B998CC1007D2DBA /* DZYTabBarController.m */ = {isa = PBXFileReference; fileEncoding = 4; lastKnownFileType = sourcecode.c.objc; path = DZYTabBarController.m; sourceTree = "<group>"; };
		40001F681B998D41007D2DBA /* DZYEssenceViewController.h */ = {isa = PBXFileReference; fileEncoding = 4; lastKnownFileType = sourcecode.c.h; path = DZYEssenceViewController.h; sourceTree = "<group>"; };
		40001F691B998D41007D2DBA /* DZYEssenceViewController.m */ = {isa = PBXFileReference; fileEncoding = 4; lastKnownFileType = sourcecode.c.objc; path = DZYEssenceViewController.m; sourceTree = "<group>"; };
		40001F6B1B998D6A007D2DBA /* DZYFriendTrendsViewController.h */ = {isa = PBXFileReference; fileEncoding = 4; lastKnownFileType = sourcecode.c.h; path = DZYFriendTrendsViewController.h; sourceTree = "<group>"; };
		40001F6C1B998D6A007D2DBA /* DZYFriendTrendsViewController.m */ = {isa = PBXFileReference; fileEncoding = 4; lastKnownFileType = sourcecode.c.objc; path = DZYFriendTrendsViewController.m; sourceTree = "<group>"; };
		40001F6E1B998D76007D2DBA /* DZYMeViewController.h */ = {isa = PBXFileReference; fileEncoding = 4; lastKnownFileType = sourcecode.c.h; path = DZYMeViewController.h; sourceTree = "<group>"; };
		40001F6F1B998D76007D2DBA /* DZYMeViewController.m */ = {isa = PBXFileReference; fileEncoding = 4; lastKnownFileType = sourcecode.c.objc; path = DZYMeViewController.m; sourceTree = "<group>"; };
		40001F711B998D84007D2DBA /* DZYNewViewController.h */ = {isa = PBXFileReference; fileEncoding = 4; lastKnownFileType = sourcecode.c.h; path = DZYNewViewController.h; sourceTree = "<group>"; };
		40001F721B998D84007D2DBA /* DZYNewViewController.m */ = {isa = PBXFileReference; fileEncoding = 4; lastKnownFileType = sourcecode.c.objc; path = DZYNewViewController.m; sourceTree = "<group>"; };
		40001F741B999313007D2DBA /* DZYTabBar.h */ = {isa = PBXFileReference; fileEncoding = 4; lastKnownFileType = sourcecode.c.h; path = DZYTabBar.h; sourceTree = "<group>"; };
		40001F751B999313007D2DBA /* DZYTabBar.m */ = {isa = PBXFileReference; fileEncoding = 4; lastKnownFileType = sourcecode.c.objc; path = DZYTabBar.m; sourceTree = "<group>"; };
		40001F771B99A197007D2DBA /* PrefixHeader.pch */ = {isa = PBXFileReference; lastKnownFileType = sourcecode.c.h; path = PrefixHeader.pch; sourceTree = "<group>"; };
		40001F781B99A6D7007D2DBA /* UIBarButtonItem+DZYExtension.h */ = {isa = PBXFileReference; fileEncoding = 4; lastKnownFileType = sourcecode.c.h; path = "UIBarButtonItem+DZYExtension.h"; sourceTree = "<group>"; };
		40001F791B99A6D7007D2DBA /* UIBarButtonItem+DZYExtension.m */ = {isa = PBXFileReference; fileEncoding = 4; lastKnownFileType = sourcecode.c.objc; path = "UIBarButtonItem+DZYExtension.m"; sourceTree = "<group>"; };
		40001F7B1B99A964007D2DBA /* DZYTagViewController.h */ = {isa = PBXFileReference; fileEncoding = 4; lastKnownFileType = sourcecode.c.h; path = DZYTagViewController.h; sourceTree = "<group>"; };
		40001F7C1B99A964007D2DBA /* DZYTagViewController.m */ = {isa = PBXFileReference; fileEncoding = 4; lastKnownFileType = sourcecode.c.objc; path = DZYTagViewController.m; sourceTree = "<group>"; };
		40001F7E1B99AB9E007D2DBA /* DZYSettingViewController.h */ = {isa = PBXFileReference; fileEncoding = 4; lastKnownFileType = sourcecode.c.h; path = DZYSettingViewController.h; sourceTree = "<group>"; };
		40001F7F1B99AB9E007D2DBA /* DZYSettingViewController.m */ = {isa = PBXFileReference; fileEncoding = 4; lastKnownFileType = sourcecode.c.objc; path = DZYSettingViewController.m; sourceTree = "<group>"; };
		401BA8CB1BABE83600DD6394 /* DZYSeeBigPictureViewController.h */ = {isa = PBXFileReference; fileEncoding = 4; lastKnownFileType = sourcecode.c.h; path = DZYSeeBigPictureViewController.h; sourceTree = "<group>"; };
		401BA8CC1BABE83600DD6394 /* DZYSeeBigPictureViewController.m */ = {isa = PBXFileReference; fileEncoding = 4; lastKnownFileType = sourcecode.c.objc; path = DZYSeeBigPictureViewController.m; sourceTree = "<group>"; };
		401BA8CD1BABE83600DD6394 /* DZYSeeBigPictureViewController.xib */ = {isa = PBXFileReference; fileEncoding = 4; lastKnownFileType = file.xib; path = DZYSeeBigPictureViewController.xib; sourceTree = "<group>"; };
		401BA8D01BAC77B600DD6394 /* DZYTopicVideoView.h */ = {isa = PBXFileReference; fileEncoding = 4; lastKnownFileType = sourcecode.c.h; path = DZYTopicVideoView.h; sourceTree = "<group>"; };
		401BA8D11BAC77B600DD6394 /* DZYTopicVideoView.m */ = {isa = PBXFileReference; fileEncoding = 4; lastKnownFileType = sourcecode.c.objc; path = DZYTopicVideoView.m; sourceTree = "<group>"; };
		401BA8D31BAC77D400DD6394 /* DZYTopicVideoView.xib */ = {isa = PBXFileReference; fileEncoding = 4; lastKnownFileType = file.xib; path = DZYTopicVideoView.xib; sourceTree = "<group>"; };
		401BA8D51BAC839A00DD6394 /* DZYTopicVioceView.h */ = {isa = PBXFileReference; fileEncoding = 4; lastKnownFileType = sourcecode.c.h; path = DZYTopicVioceView.h; sourceTree = "<group>"; };
		401BA8D61BAC839A00DD6394 /* DZYTopicVioceView.m */ = {isa = PBXFileReference; fileEncoding = 4; lastKnownFileType = sourcecode.c.objc; path = DZYTopicVioceView.m; sourceTree = "<group>"; };
		401BA8D81BAC83B700DD6394 /* DZYTopicVioceView.xib */ = {isa = PBXFileReference; fileEncoding = 4; lastKnownFileType = file.xib; path = DZYTopicVioceView.xib; sourceTree = "<group>"; };
		402B08891BA6F10B002BC995 /* DZYTopic.h */ = {isa = PBXFileReference; fileEncoding = 4; lastKnownFileType = sourcecode.c.h; path = DZYTopic.h; sourceTree = "<group>"; };
		402B088A1BA6F10B002BC995 /* DZYTopic.m */ = {isa = PBXFileReference; fileEncoding = 4; lastKnownFileType = sourcecode.c.objc; path = DZYTopic.m; sourceTree = "<group>"; };
		402B088C1BA6F167002BC995 /* DZYTopicCell.h */ = {isa = PBXFileReference; fileEncoding = 4; lastKnownFileType = sourcecode.c.h; path = DZYTopicCell.h; sourceTree = "<group>"; };
		402B088D1BA6F167002BC995 /* DZYTopicCell.m */ = {isa = PBXFileReference; fileEncoding = 4; lastKnownFileType = sourcecode.c.objc; path = DZYTopicCell.m; sourceTree = "<group>"; };
		402B088E1BA6F167002BC995 /* DZYTopicCell.xib */ = {isa = PBXFileReference; fileEncoding = 4; lastKnownFileType = file.xib; path = DZYTopicCell.xib; sourceTree = "<group>"; };
		402B08941BA71989002BC995 /* DZYMyFooter.h */ = {isa = PBXFileReference; fileEncoding = 4; lastKnownFileType = sourcecode.c.h; path = DZYMyFooter.h; sourceTree = "<group>"; };
		402B08951BA71989002BC995 /* DZYMyFooter.m */ = {isa = PBXFileReference; fileEncoding = 4; lastKnownFileType = sourcecode.c.objc; path = DZYMyFooter.m; sourceTree = "<group>"; };
		403DE8681B9EC7EB00958B0A /* NSString+DZYExtension.h */ = {isa = PBXFileReference; fileEncoding = 4; lastKnownFileType = sourcecode.c.h; path = "NSString+DZYExtension.h"; sourceTree = "<group>"; };
		403DE8691B9EC7EB00958B0A /* NSString+DZYExtension.m */ = {isa = PBXFileReference; fileEncoding = 4; lastKnownFileType = sourcecode.c.objc; path = "NSString+DZYExtension.m"; sourceTree = "<group>"; };
		403DE86B1B9ED90500958B0A /* DZYClearCachesCell.h */ = {isa = PBXFileReference; fileEncoding = 4; lastKnownFileType = sourcecode.c.h; path = DZYClearCachesCell.h; sourceTree = "<group>"; };
		403DE86C1B9ED90500958B0A /* DZYClearCachesCell.m */ = {isa = PBXFileReference; fileEncoding = 4; lastKnownFileType = sourcecode.c.objc; path = DZYClearCachesCell.m; sourceTree = "<group>"; };
		403DE86E1B9EF5ED00958B0A /* DZYThirdCell.h */ = {isa = PBXFileReference; fileEncoding = 4; lastKnownFileType = sourcecode.c.h; path = DZYThirdCell.h; sourceTree = "<group>"; };
		403DE86F1B9EF5ED00958B0A /* DZYThirdCell.m */ = {isa = PBXFileReference; fileEncoding = 4; lastKnownFileType = sourcecode.c.objc; path = DZYThirdCell.m; sourceTree = "<group>"; };
		40400FED1BA0936700B5B165 /* DZYPostWordViewController.h */ = {isa = PBXFileReference; fileEncoding = 4; lastKnownFileType = sourcecode.c.h; path = DZYPostWordViewController.h; sourceTree = "<group>"; };
		40400FEE1BA0936700B5B165 /* DZYPostWordViewController.m */ = {isa = PBXFileReference; fileEncoding = 4; lastKnownFileType = sourcecode.c.objc; path = DZYPostWordViewController.m; sourceTree = "<group>"; };
		40400FF31BA0975100B5B165 /* DZYPlaceholderTextView.h */ = {isa = PBXFileReference; fileEncoding = 4; lastKnownFileType = sourcecode.c.h; path = DZYPlaceholderTextView.h; sourceTree = "<group>"; };
		40400FF41BA0975100B5B165 /* DZYPlaceholderTextView.m */ = {isa = PBXFileReference; fileEncoding = 4; lastKnownFileType = sourcecode.c.objc; path = DZYPlaceholderTextView.m; sourceTree = "<group>"; };
		4045B72F1BA2EBC3009469E1 /* DZYPostWordToolbar.h */ = {isa = PBXFileReference; fileEncoding = 4; lastKnownFileType = sourcecode.c.h; path = DZYPostWordToolbar.h; sourceTree = "<group>"; };
		4045B7301BA2EBC3009469E1 /* DZYPostWordToolbar.m */ = {isa = PBXFileReference; fileEncoding = 4; lastKnownFileType = sourcecode.c.objc; path = DZYPostWordToolbar.m; sourceTree = "<group>"; };
		4045B7321BA2EBF2009469E1 /* DZYPostWordToolbar.xib */ = {isa = PBXFileReference; fileEncoding = 4; lastKnownFileType = file.xib; path = DZYPostWordToolbar.xib; sourceTree = "<group>"; };
		4045B7341BA2FDC1009469E1 /* UITextField+DZYExtension.h */ = {isa = PBXFileReference; fileEncoding = 4; lastKnownFileType = sourcecode.c.h; path = "UITextField+DZYExtension.h"; sourceTree = "<group>"; };
		4045B7351BA2FDC1009469E1 /* UITextField+DZYExtension.m */ = {isa = PBXFileReference; fileEncoding = 4; lastKnownFileType = sourcecode.c.objc; path = "UITextField+DZYExtension.m"; sourceTree = "<group>"; };
		4045B7371BA3389F009469E1 /* DZYAddTagViewController.h */ = {isa = PBXFileReference; fileEncoding = 4; lastKnownFileType = sourcecode.c.h; path = DZYAddTagViewController.h; sourceTree = "<group>"; };
		4045B7381BA3389F009469E1 /* DZYAddTagViewController.m */ = {isa = PBXFileReference; fileEncoding = 4; lastKnownFileType = sourcecode.c.objc; path = DZYAddTagViewController.m; sourceTree = "<group>"; };
		40531A641BA046DF006845C8 /* DZYPublishViewController.h */ = {isa = PBXFileReference; fileEncoding = 4; lastKnownFileType = sourcecode.c.h; path = DZYPublishViewController.h; sourceTree = "<group>"; };
		40531A651BA046DF006845C8 /* DZYPublishViewController.m */ = {isa = PBXFileReference; fileEncoding = 4; lastKnownFileType = sourcecode.c.objc; path = DZYPublishViewController.m; sourceTree = "<group>"; };
		40531A661BA046DF006845C8 /* DZYPublishViewController.xib */ = {isa = PBXFileReference; fileEncoding = 4; lastKnownFileType = file.xib; path = DZYPublishViewController.xib; sourceTree = "<group>"; };
		40531A691BA05A7F006845C8 /* DZYPublishButton.h */ = {isa = PBXFileReference; fileEncoding = 4; lastKnownFileType = sourcecode.c.h; path = DZYPublishButton.h; sourceTree = "<group>"; };
		40531A6A1BA05A7F006845C8 /* DZYPublishButton.m */ = {isa = PBXFileReference; fileEncoding = 4; lastKnownFileType = sourcecode.c.objc; path = DZYPublishButton.m; sourceTree = "<group>"; };
		405CA2B41B9AAD3700B09395 /* DZYNavigationController.h */ = {isa = PBXFileReference; fileEncoding = 4; lastKnownFileType = sourcecode.c.h; path = DZYNavigationController.h; sourceTree = "<group>"; };
		405CA2B51B9AAD3700B09395 /* DZYNavigationController.m */ = {isa = PBXFileReference; fileEncoding = 4; lastKnownFileType = sourcecode.c.objc; path = DZYNavigationController.m; sourceTree = "<group>"; };
		407FF9031B9AE48600D21B68 /* DZYFriendTrendsViewController.xib */ = {isa = PBXFileReference; fileEncoding = 4; lastKnownFileType = file.xib; path = DZYFriendTrendsViewController.xib; sourceTree = "<group>"; };
		407FF9051B9AF11700D21B68 /* DZYLoginRegisterViewController.h */ = {isa = PBXFileReference; fileEncoding = 4; lastKnownFileType = sourcecode.c.h; path = DZYLoginRegisterViewController.h; sourceTree = "<group>"; };
		407FF9061B9AF11700D21B68 /* DZYLoginRegisterViewController.m */ = {isa = PBXFileReference; fileEncoding = 4; lastKnownFileType = sourcecode.c.objc; path = DZYLoginRegisterViewController.m; sourceTree = "<group>"; };
		407FF9071B9AF11700D21B68 /* DZYLoginRegisterViewController.xib */ = {isa = PBXFileReference; fileEncoding = 4; lastKnownFileType = file.xib; path = DZYLoginRegisterViewController.xib; sourceTree = "<group>"; };
		407FF90A1B9B14E200D21B68 /* DZYQuickLoginButton.h */ = {isa = PBXFileReference; fileEncoding = 4; lastKnownFileType = sourcecode.c.h; path = DZYQuickLoginButton.h; sourceTree = "<group>"; };
		407FF90B1B9B14E200D21B68 /* DZYQuickLoginButton.m */ = {isa = PBXFileReference; fileEncoding = 4; lastKnownFileType = sourcecode.c.objc; path = DZYQuickLoginButton.m; sourceTree = "<group>"; };
		407FF90D1B9B17B300D21B68 /* UIView+DZYExtension.h */ = {isa = PBXFileReference; fileEncoding = 4; lastKnownFileType = sourcecode.c.h; path = "UIView+DZYExtension.h"; sourceTree = "<group>"; };
		407FF90E1B9B17B300D21B68 /* UIView+DZYExtension.m */ = {isa = PBXFileReference; fileEncoding = 4; lastKnownFileType = sourcecode.c.objc; path = "UIView+DZYExtension.m"; sourceTree = "<group>"; };
		407FF9101B9B38AD00D21B68 /* DZYLoginRegisterTextField.h */ = {isa = PBXFileReference; fileEncoding = 4; lastKnownFileType = sourcecode.c.h; path = DZYLoginRegisterTextField.h; sourceTree = "<group>"; };
		407FF9111B9B38AD00D21B68 /* DZYLoginRegisterTextField.m */ = {isa = PBXFileReference; fileEncoding = 4; lastKnownFileType = sourcecode.c.objc; path = DZYLoginRegisterTextField.m; sourceTree = "<group>"; };
		408CC2571BA9CA45003B06EA /* DZYTopicPictureView.h */ = {isa = PBXFileReference; fileEncoding = 4; lastKnownFileType = sourcecode.c.h; path = DZYTopicPictureView.h; sourceTree = "<group>"; };
		408CC2581BA9CA45003B06EA /* DZYTopicPictureView.m */ = {isa = PBXFileReference; fileEncoding = 4; lastKnownFileType = sourcecode.c.objc; path = DZYTopicPictureView.m; sourceTree = "<group>"; };
		408CC25A1BA9CA56003B06EA /* DZYTopicPictureView.xib */ = {isa = PBXFileReference; fileEncoding = 4; lastKnownFileType = file.xib; path = DZYTopicPictureView.xib; sourceTree = "<group>"; };
		4094BB881B9DFF98000BEE54 /* DZYWebViewController.h */ = {isa = PBXFileReference; fileEncoding = 4; lastKnownFileType = sourcecode.c.h; path = DZYWebViewController.h; sourceTree = "<group>"; };
		4094BB891B9DFF98000BEE54 /* DZYWebViewController.m */ = {isa = PBXFileReference; fileEncoding = 4; lastKnownFileType = sourcecode.c.objc; path = DZYWebViewController.m; sourceTree = "<group>"; };
		4094BB8A1B9DFF98000BEE54 /* DZYWebViewController.xib */ = {isa = PBXFileReference; fileEncoding = 4; lastKnownFileType = file.xib; path = DZYWebViewController.xib; sourceTree = "<group>"; };
		4096E2C71BA4364900C0A878 /* DZYTagButton.h */ = {isa = PBXFileReference; fileEncoding = 4; lastKnownFileType = sourcecode.c.h; path = DZYTagButton.h; sourceTree = "<group>"; };
		4096E2C81BA4364900C0A878 /* DZYTagButton.m */ = {isa = PBXFileReference; fileEncoding = 4; lastKnownFileType = sourcecode.c.objc; path = DZYTagButton.m; sourceTree = "<group>"; };
		4096E2CA1BA4705A00C0A878 /* DZYTagTextField.h */ = {isa = PBXFileReference; fileEncoding = 4; lastKnownFileType = sourcecode.c.h; path = DZYTagTextField.h; sourceTree = "<group>"; };
		4096E2CB1BA4705A00C0A878 /* DZYTagTextField.m */ = {isa = PBXFileReference; fileEncoding = 4; lastKnownFileType = sourcecode.c.objc; path = DZYTagTextField.m; sourceTree = "<group>"; };
		40972EDE1BA7F40C005DFE27 /* NSDate+DZYExtension.h */ = {isa = PBXFileReference; fileEncoding = 4; lastKnownFileType = sourcecode.c.h; path = "NSDate+DZYExtension.h"; sourceTree = "<group>"; };
		40972EDF1BA7F40C005DFE27 /* NSDate+DZYExtension.m */ = {isa = PBXFileReference; fileEncoding = 4; lastKnownFileType = sourcecode.c.objc; path = "NSDate+DZYExtension.m"; sourceTree = "<group>"; };
		409C66A81BAD2B9300DE79B1 /* DZYUser.h */ = {isa = PBXFileReference; fileEncoding = 4; lastKnownFileType = sourcecode.c.h; path = DZYUser.h; sourceTree = "<group>"; };
		409C66A91BAD2B9300DE79B1 /* DZYUser.m */ = {isa = PBXFileReference; fileEncoding = 4; lastKnownFileType = sourcecode.c.objc; path = DZYUser.m; sourceTree = "<group>"; };
		409C66AB1BAD2BA800DE79B1 /* DZYComment.h */ = {isa = PBXFileReference; fileEncoding = 4; lastKnownFileType = sourcecode.c.h; path = DZYComment.h; sourceTree = "<group>"; };
		409C66AC1BAD2BA800DE79B1 /* DZYComment.m */ = {isa = PBXFileReference; fileEncoding = 4; lastKnownFileType = sourcecode.c.objc; path = DZYComment.m; sourceTree = "<group>"; };
		409C66AE1BAD378300DE79B1 /* MJExtensionConfig.h */ = {isa = PBXFileReference; fileEncoding = 4; lastKnownFileType = sourcecode.c.h; path = MJExtensionConfig.h; sourceTree = "<group>"; };
		409C66AF1BAD378300DE79B1 /* MJExtensionConfig.m */ = {isa = PBXFileReference; fileEncoding = 4; lastKnownFileType = sourcecode.c.objc; path = MJExtensionConfig.m; sourceTree = "<group>"; };
		409C66B11BAD483400DE79B1 /* DZYCommentViewController.h */ = {isa = PBXFileReference; fileEncoding = 4; lastKnownFileType = sourcecode.c.h; path = DZYCommentViewController.h; sourceTree = "<group>"; };
		409C66B21BAD483400DE79B1 /* DZYCommentViewController.m */ = {isa = PBXFileReference; fileEncoding = 4; lastKnownFileType = sourcecode.c.objc; path = DZYCommentViewController.m; sourceTree = "<group>"; };
		409C66B31BAD483400DE79B1 /* DZYCommentViewController.xib */ = {isa = PBXFileReference; fileEncoding = 4; lastKnownFileType = file.xib; path = DZYCommentViewController.xib; sourceTree = "<group>"; };
		409C66B61BAD537300DE79B1 /* DZYCommentCell.h */ = {isa = PBXFileReference; fileEncoding = 4; lastKnownFileType = sourcecode.c.h; path = DZYCommentCell.h; sourceTree = "<group>"; };
		409C66B71BAD537300DE79B1 /* DZYCommentCell.m */ = {isa = PBXFileReference; fileEncoding = 4; lastKnownFileType = sourcecode.c.objc; path = DZYCommentCell.m; sourceTree = "<group>"; };
		409C66B81BAD537300DE79B1 /* DZYCommentCell.xib */ = {isa = PBXFileReference; fileEncoding = 4; lastKnownFileType = file.xib; path = DZYCommentCell.xib; sourceTree = "<group>"; };
		409C66BE1BADA9E400DE79B1 /* DZYCommentHeadView.h */ = {isa = PBXFileReference; fileEncoding = 4; lastKnownFileType = sourcecode.c.h; path = DZYCommentHeadView.h; sourceTree = "<group>"; };
		409C66BF1BADA9E400DE79B1 /* DZYCommentHeadView.m */ = {isa = PBXFileReference; fileEncoding = 4; lastKnownFileType = sourcecode.c.objc; path = DZYCommentHeadView.m; sourceTree = "<group>"; };
		40A6F4071B9DA2B80026B079 /* DZYMeCell.h */ = {isa = PBXFileReference; fileEncoding = 4; lastKnownFileType = sourcecode.c.h; path = DZYMeCell.h; sourceTree = "<group>"; };
		40A6F4081B9DA2B80026B079 /* DZYMeCell.m */ = {isa = PBXFileReference; fileEncoding = 4; lastKnownFileType = sourcecode.c.objc; path = DZYMeCell.m; sourceTree = "<group>"; };
		40A6F40A1B9DB8710026B079 /* DZYMeFooterView.h */ = {isa = PBXFileReference; fileEncoding = 4; lastKnownFileType = sourcecode.c.h; path = DZYMeFooterView.h; sourceTree = "<group>"; };
		40A6F40B1B9DB8710026B079 /* DZYMeFooterView.m */ = {isa = PBXFileReference; fileEncoding = 4; lastKnownFileType = sourcecode.c.objc; path = DZYMeFooterView.m; sourceTree = "<group>"; };
		40A6F40D1B9DBC510026B079 /* DZYSquare.h */ = {isa = PBXFileReference; fileEncoding = 4; lastKnownFileType = sourcecode.c.h; path = DZYSquare.h; sourceTree = "<group>"; };
		40A6F40E1B9DBC510026B079 /* DZYSquare.m */ = {isa = PBXFileReference; fileEncoding = 4; lastKnownFileType = sourcecode.c.objc; path = DZYSquare.m; sourceTree = "<group>"; };
		40A6F4101B9DE7870026B079 /* DZYSquareButton.h */ = {isa = PBXFileReference; fileEncoding = 4; lastKnownFileType = sourcecode.c.h; path = DZYSquareButton.h; sourceTree = "<group>"; };
		40A6F4111B9DE7870026B079 /* DZYSquareButton.m */ = {isa = PBXFileReference; fileEncoding = 4; lastKnownFileType = sourcecode.c.objc; path = DZYSquareButton.m; sourceTree = "<group>"; };
		40CC7C751B9C145E00CC6105 /* DZYRecommendTagCell.h */ = {isa = PBXFileReference; fileEncoding = 4; lastKnownFileType = sourcecode.c.h; path = DZYRecommendTagCell.h; sourceTree = "<group>"; };
		40CC7C761B9C145E00CC6105 /* DZYRecommendTagCell.m */ = {isa = PBXFileReference; fileEncoding = 4; lastKnownFileType = sourcecode.c.objc; path = DZYRecommendTagCell.m; sourceTree = "<group>"; };
		40CC7C771B9C145E00CC6105 /* DZYRecommendTagCell.xib */ = {isa = PBXFileReference; fileEncoding = 4; lastKnownFileType = file.xib; path = DZYRecommendTagCell.xib; sourceTree = "<group>"; };
		40CC7C7A1B9C4DF700CC6105 /* DZYRecommendTag.h */ = {isa = PBXFileReference; fileEncoding = 4; lastKnownFileType = sourcecode.c.h; path = DZYRecommendTag.h; sourceTree = "<group>"; };
		40CC7C7B1B9C4DF700CC6105 /* DZYRecommendTag.m */ = {isa = PBXFileReference; fileEncoding = 4; lastKnownFileType = sourcecode.c.objc; path = DZYRecommendTag.m; sourceTree = "<group>"; };
		40CC7C7D1B9C58E500CC6105 /* NSDictionary+LOG.m */ = {isa = PBXFileReference; fileEncoding = 4; lastKnownFileType = sourcecode.c.objc; path = "NSDictionary+LOG.m"; sourceTree = "<group>"; };
		40D0F3FB1B9C827F00A24DF6 /* UIImage+DZYExtension.h */ = {isa = PBXFileReference; fileEncoding = 4; lastKnownFileType = sourcecode.c.h; path = "UIImage+DZYExtension.h"; sourceTree = "<group>"; };
		40D0F3FC1B9C827F00A24DF6 /* UIImage+DZYExtension.m */ = {isa = PBXFileReference; fileEncoding = 4; lastKnownFileType = sourcecode.c.objc; path = "UIImage+DZYExtension.m"; sourceTree = "<group>"; };
		40D0F3FE1B9C8AB300A24DF6 /* UIImageView+DZYExtension.h */ = {isa = PBXFileReference; fileEncoding = 4; lastKnownFileType = sourcecode.c.h; path = "UIImageView+DZYExtension.h"; sourceTree = "<group>"; };
		40D0F3FF1B9C8AB300A24DF6 /* UIImageView+DZYExtension.m */ = {isa = PBXFileReference; fileEncoding = 4; lastKnownFileType = sourcecode.c.objc; path = "UIImageView+DZYExtension.m"; sourceTree = "<group>"; };
		40D0F4061B9C9AB200A24DF6 /* DZYConst.h */ = {isa = PBXFileReference; fileEncoding = 4; lastKnownFileType = sourcecode.c.h; path = DZYConst.h; sourceTree = "<group>"; };
		40D0F4071B9C9AB200A24DF6 /* DZYConst.m */ = {isa = PBXFileReference; fileEncoding = 4; lastKnownFileType = sourcecode.c.objc; path = DZYConst.m; sourceTree = "<group>"; };
		40E1D1D11BA5D95700B14E84 /* DZYTitleButton.h */ = {isa = PBXFileReference; fileEncoding = 4; lastKnownFileType = sourcecode.c.h; path = DZYTitleButton.h; sourceTree = "<group>"; };
		40E1D1D21BA5D95700B14E84 /* DZYTitleButton.m */ = {isa = PBXFileReference; fileEncoding = 4; lastKnownFileType = sourcecode.c.objc; path = DZYTitleButton.m; sourceTree = "<group>"; };
		40E1D1D41BA5E55E00B14E84 /* DZYAllViewController.h */ = {isa = PBXFileReference; fileEncoding = 4; lastKnownFileType = sourcecode.c.h; path = DZYAllViewController.h; sourceTree = "<group>"; };
		40E1D1D51BA5E55E00B14E84 /* DZYAllViewController.m */ = {isa = PBXFileReference; fileEncoding = 4; lastKnownFileType = sourcecode.c.objc; path = DZYAllViewController.m; sourceTree = "<group>"; };
		40E1D1D71BA5E57800B14E84 /* DZYVideoViewController.h */ = {isa = PBXFileReference; fileEncoding = 4; lastKnownFileType = sourcecode.c.h; path = DZYVideoViewController.h; sourceTree = "<group>"; };
		40E1D1D81BA5E57800B14E84 /* DZYVideoViewController.m */ = {isa = PBXFileReference; fileEncoding = 4; lastKnownFileType = sourcecode.c.objc; path = DZYVideoViewController.m; sourceTree = "<group>"; };
		40E1D1DA1BA5E58900B14E84 /* DZYVoiceViewController.h */ = {isa = PBXFileReference; fileEncoding = 4; lastKnownFileType = sourcecode.c.h; path = DZYVoiceViewController.h; sourceTree = "<group>"; };
		40E1D1DB1BA5E58900B14E84 /* DZYVoiceViewController.m */ = {isa = PBXFileReference; fileEncoding = 4; lastKnownFileType = sourcecode.c.objc; path = DZYVoiceViewController.m; sourceTree = "<group>"; };
		40E1D1DD1BA5E59F00B14E84 /* DZYPictureViewController.h */ = {isa = PBXFileReference; fileEncoding = 4; lastKnownFileType = sourcecode.c.h; path = DZYPictureViewController.h; sourceTree = "<group>"; };
		40E1D1DE1BA5E59F00B14E84 /* DZYPictureViewController.m */ = {isa = PBXFileReference; fileEncoding = 4; lastKnownFileType = sourcecode.c.objc; path = DZYPictureViewController.m; sourceTree = "<group>"; };
		40E1D1E01BA5E5AF00B14E84 /* DZYWordViewController.h */ = {isa = PBXFileReference; fileEncoding = 4; lastKnownFileType = sourcecode.c.h; path = DZYWordViewController.h; sourceTree = "<group>"; };
		40E1D1E11BA5E5AF00B14E84 /* DZYWordViewController.m */ = {isa = PBXFileReference; fileEncoding = 4; lastKnownFileType = sourcecode.c.objc; path = DZYWordViewController.m; sourceTree = "<group>"; };
		40E40A5E1B996A78002A26D7 /* BS.app */ = {isa = PBXFileReference; explicitFileType = wrapper.application; includeInIndex = 0; path = BS.app; sourceTree = BUILT_PRODUCTS_DIR; };
		40E40A621B996A78002A26D7 /* Info.plist */ = {isa = PBXFileReference; lastKnownFileType = text.plist.xml; path = Info.plist; sourceTree = "<group>"; };
		40E40A711B996A78002A26D7 /* Images.xcassets */ = {isa = PBXFileReference; lastKnownFileType = folder.assetcatalog; path = Images.xcassets; sourceTree = "<group>"; };
		40E40A7A1B996A78002A26D7 /* BSTests.xctest */ = {isa = PBXFileReference; explicitFileType = wrapper.cfbundle; includeInIndex = 0; path = BSTests.xctest; sourceTree = BUILT_PRODUCTS_DIR; };
		40E40A7F1B996A78002A26D7 /* Info.plist */ = {isa = PBXFileReference; lastKnownFileType = text.plist.xml; path = Info.plist; sourceTree = "<group>"; };
		40E40A801B996A78002A26D7 /* BSTests.m */ = {isa = PBXFileReference; lastKnownFileType = sourcecode.c.objc; path = BSTests.m; sourceTree = "<group>"; };
		57F6E491236E2D6EFC62ADE2 /* Pods.debug.xcconfig */ = {isa = PBXFileReference; includeInIndex = 1; lastKnownFileType = text.xcconfig; name = Pods.debug.xcconfig; path = "Pods/Target Support Files/Pods/Pods.debug.xcconfig"; sourceTree = "<group>"; };
		78A1EDE84C19FD47A6EF197C /* libPods.a */ = {isa = PBXFileReference; explicitFileType = archive.ar; includeInIndex = 0; path = libPods.a; sourceTree = BUILT_PRODUCTS_DIR; };
		A3A7EE185437AD2DDEAA0353 /* Pods.release.xcconfig */ = {isa = PBXFileReference; includeInIndex = 1; lastKnownFileType = text.xcconfig; name = Pods.release.xcconfig; path = "Pods/Target Support Files/Pods/Pods.release.xcconfig"; sourceTree = "<group>"; };
/* End PBXFileReference section */

/* Begin PBXFrameworksBuildPhase section */
		40E40A5B1B996A78002A26D7 /* Frameworks */ = {
			isa = PBXFrameworksBuildPhase;
			buildActionMask = 2147483647;
			files = (
				F6B01BACEECC44CADE9F992C /* libPods.a in Frameworks */,
			);
			runOnlyForDeploymentPostprocessing = 0;
		};
		40E40A771B996A78002A26D7 /* Frameworks */ = {
			isa = PBXFrameworksBuildPhase;
			buildActionMask = 2147483647;
			files = (
			);
			runOnlyForDeploymentPostprocessing = 0;
		};
/* End PBXFrameworksBuildPhase section */

/* Begin PBXGroup section */
		2FAAC0F37F54DEEED277188D /* Pods */ = {
			isa = PBXGroup;
			children = (
				57F6E491236E2D6EFC62ADE2 /* Pods.debug.xcconfig */,
				A3A7EE185437AD2DDEAA0353 /* Pods.release.xcconfig */,
			);
			name = Pods;
			sourceTree = "<group>";
		};
		40001F4A1B99895A007D2DBA /* Classes */ = {
			isa = PBXGroup;
			children = (
				40531A611BA045A4006845C8 /* Publish-发布 */,
				40001F4B1B99895A007D2DBA /* Essence-精华 */,
				40001F4F1B99895A007D2DBA /* FriendTrends-关注 */,
				40001F531B99895A007D2DBA /* Me-我 */,
				40001F571B99895A007D2DBA /* New-新帖 */,
				40001F5B1B99895A007D2DBA /* Other-其它 */,
			);
			path = Classes;
			sourceTree = "<group>";
		};
		40001F4B1B99895A007D2DBA /* Essence-精华 */ = {
			isa = PBXGroup;
			children = (
				40001F4C1B99895A007D2DBA /* Controller */,
				40001F4D1B99895A007D2DBA /* Model */,
				40001F4E1B99895A007D2DBA /* View */,
			);
			path = "Essence-精华";
			sourceTree = "<group>";
		};
		40001F4C1B99895A007D2DBA /* Controller */ = {
			isa = PBXGroup;
			children = (
				40001F681B998D41007D2DBA /* DZYEssenceViewController.h */,
				40001F691B998D41007D2DBA /* DZYEssenceViewController.m */,
				40001F7B1B99A964007D2DBA /* DZYTagViewController.h */,
				40001F7C1B99A964007D2DBA /* DZYTagViewController.m */,
				40E1D1D41BA5E55E00B14E84 /* DZYAllViewController.h */,
				40E1D1D51BA5E55E00B14E84 /* DZYAllViewController.m */,
				40E1D1D71BA5E57800B14E84 /* DZYVideoViewController.h */,
				40E1D1D81BA5E57800B14E84 /* DZYVideoViewController.m */,
				40E1D1DA1BA5E58900B14E84 /* DZYVoiceViewController.h */,
				40E1D1DB1BA5E58900B14E84 /* DZYVoiceViewController.m */,
				40E1D1DD1BA5E59F00B14E84 /* DZYPictureViewController.h */,
				40E1D1DE1BA5E59F00B14E84 /* DZYPictureViewController.m */,
				40E1D1E01BA5E5AF00B14E84 /* DZYWordViewController.h */,
				40E1D1E11BA5E5AF00B14E84 /* DZYWordViewController.m */,
				401BA8CB1BABE83600DD6394 /* DZYSeeBigPictureViewController.h */,
				401BA8CC1BABE83600DD6394 /* DZYSeeBigPictureViewController.m */,
				401BA8CD1BABE83600DD6394 /* DZYSeeBigPictureViewController.xib */,
				409C66B11BAD483400DE79B1 /* DZYCommentViewController.h */,
				409C66B21BAD483400DE79B1 /* DZYCommentViewController.m */,
				409C66B31BAD483400DE79B1 /* DZYCommentViewController.xib */,
			);
			path = Controller;
			sourceTree = "<group>";
		};
		40001F4D1B99895A007D2DBA /* Model */ = {
			isa = PBXGroup;
			children = (
				40CC7C7A1B9C4DF700CC6105 /* DZYRecommendTag.h */,
				40CC7C7B1B9C4DF700CC6105 /* DZYRecommendTag.m */,
				402B08891BA6F10B002BC995 /* DZYTopic.h */,
				402B088A1BA6F10B002BC995 /* DZYTopic.m */,
				409C66A81BAD2B9300DE79B1 /* DZYUser.h */,
				409C66A91BAD2B9300DE79B1 /* DZYUser.m */,
				409C66AB1BAD2BA800DE79B1 /* DZYComment.h */,
				409C66AC1BAD2BA800DE79B1 /* DZYComment.m */,
			);
			path = Model;
			sourceTree = "<group>";
		};
		40001F4E1B99895A007D2DBA /* View */ = {
			isa = PBXGroup;
			children = (
				40CC7C751B9C145E00CC6105 /* DZYRecommendTagCell.h */,
				40CC7C761B9C145E00CC6105 /* DZYRecommendTagCell.m */,
				40CC7C771B9C145E00CC6105 /* DZYRecommendTagCell.xib */,
				40E1D1D11BA5D95700B14E84 /* DZYTitleButton.h */,
				40E1D1D21BA5D95700B14E84 /* DZYTitleButton.m */,
				402B088C1BA6F167002BC995 /* DZYTopicCell.h */,
				402B088D1BA6F167002BC995 /* DZYTopicCell.m */,
				402B088E1BA6F167002BC995 /* DZYTopicCell.xib */,
				408CC2571BA9CA45003B06EA /* DZYTopicPictureView.h */,
				408CC2581BA9CA45003B06EA /* DZYTopicPictureView.m */,
				408CC25A1BA9CA56003B06EA /* DZYTopicPictureView.xib */,
				401BA8D01BAC77B600DD6394 /* DZYTopicVideoView.h */,
				401BA8D11BAC77B600DD6394 /* DZYTopicVideoView.m */,
				401BA8D31BAC77D400DD6394 /* DZYTopicVideoView.xib */,
				401BA8D51BAC839A00DD6394 /* DZYTopicVioceView.h */,
				401BA8D61BAC839A00DD6394 /* DZYTopicVioceView.m */,
				401BA8D81BAC83B700DD6394 /* DZYTopicVioceView.xib */,
				409C66B61BAD537300DE79B1 /* DZYCommentCell.h */,
				409C66B71BAD537300DE79B1 /* DZYCommentCell.m */,
				409C66B81BAD537300DE79B1 /* DZYCommentCell.xib */,
				409C66BE1BADA9E400DE79B1 /* DZYCommentHeadView.h */,
				409C66BF1BADA9E400DE79B1 /* DZYCommentHeadView.m */,
			);
			path = View;
			sourceTree = "<group>";
		};
		40001F4F1B99895A007D2DBA /* FriendTrends-关注 */ = {
			isa = PBXGroup;
			children = (
				40001F501B99895A007D2DBA /* Controller */,
				40001F511B99895A007D2DBA /* Model */,
				40001F521B99895A007D2DBA /* View */,
			);
			path = "FriendTrends-关注";
			sourceTree = "<group>";
		};
		40001F501B99895A007D2DBA /* Controller */ = {
			isa = PBXGroup;
			children = (
				40001F6B1B998D6A007D2DBA /* DZYFriendTrendsViewController.h */,
				40001F6C1B998D6A007D2DBA /* DZYFriendTrendsViewController.m */,
				407FF9031B9AE48600D21B68 /* DZYFriendTrendsViewController.xib */,
				407FF9051B9AF11700D21B68 /* DZYLoginRegisterViewController.h */,
				407FF9061B9AF11700D21B68 /* DZYLoginRegisterViewController.m */,
				407FF9071B9AF11700D21B68 /* DZYLoginRegisterViewController.xib */,
			);
			path = Controller;
			sourceTree = "<group>";
		};
		40001F511B99895A007D2DBA /* Model */ = {
			isa = PBXGroup;
			children = (
			);
			path = Model;
			sourceTree = "<group>";
		};
		40001F521B99895A007D2DBA /* View */ = {
			isa = PBXGroup;
			children = (
				407FF90A1B9B14E200D21B68 /* DZYQuickLoginButton.h */,
				407FF90B1B9B14E200D21B68 /* DZYQuickLoginButton.m */,
				407FF9101B9B38AD00D21B68 /* DZYLoginRegisterTextField.h */,
				407FF9111B9B38AD00D21B68 /* DZYLoginRegisterTextField.m */,
			);
			path = View;
			sourceTree = "<group>";
		};
		40001F531B99895A007D2DBA /* Me-我 */ = {
			isa = PBXGroup;
			children = (
				40001F541B99895A007D2DBA /* Controller */,
				40001F551B99895A007D2DBA /* Model */,
				40001F561B99895A007D2DBA /* View */,
			);
			path = "Me-我";
			sourceTree = "<group>";
		};
		40001F541B99895A007D2DBA /* Controller */ = {
			isa = PBXGroup;
			children = (
				40001F6E1B998D76007D2DBA /* DZYMeViewController.h */,
				40001F6F1B998D76007D2DBA /* DZYMeViewController.m */,
				40001F7E1B99AB9E007D2DBA /* DZYSettingViewController.h */,
				40001F7F1B99AB9E007D2DBA /* DZYSettingViewController.m */,
				4094BB881B9DFF98000BEE54 /* DZYWebViewController.h */,
				4094BB891B9DFF98000BEE54 /* DZYWebViewController.m */,
				4094BB8A1B9DFF98000BEE54 /* DZYWebViewController.xib */,
			);
			path = Controller;
			sourceTree = "<group>";
		};
		40001F551B99895A007D2DBA /* Model */ = {
			isa = PBXGroup;
			children = (
				40A6F40D1B9DBC510026B079 /* DZYSquare.h */,
				40A6F40E1B9DBC510026B079 /* DZYSquare.m */,
			);
			path = Model;
			sourceTree = "<group>";
		};
		40001F561B99895A007D2DBA /* View */ = {
			isa = PBXGroup;
			children = (
				40A6F4071B9DA2B80026B079 /* DZYMeCell.h */,
				40A6F4081B9DA2B80026B079 /* DZYMeCell.m */,
				40A6F40A1B9DB8710026B079 /* DZYMeFooterView.h */,
				40A6F40B1B9DB8710026B079 /* DZYMeFooterView.m */,
				40A6F4101B9DE7870026B079 /* DZYSquareButton.h */,
				40A6F4111B9DE7870026B079 /* DZYSquareButton.m */,
				403DE86B1B9ED90500958B0A /* DZYClearCachesCell.h */,
				403DE86C1B9ED90500958B0A /* DZYClearCachesCell.m */,
				403DE86E1B9EF5ED00958B0A /* DZYThirdCell.h */,
				403DE86F1B9EF5ED00958B0A /* DZYThirdCell.m */,
			);
			path = View;
			sourceTree = "<group>";
		};
		40001F571B99895A007D2DBA /* New-新帖 */ = {
			isa = PBXGroup;
			children = (
				40001F581B99895A007D2DBA /* Controller */,
				40001F591B99895A007D2DBA /* Model */,
				40001F5A1B99895A007D2DBA /* View */,
			);
			path = "New-新帖";
			sourceTree = "<group>";
		};
		40001F581B99895A007D2DBA /* Controller */ = {
			isa = PBXGroup;
			children = (
				40001F711B998D84007D2DBA /* DZYNewViewController.h */,
				40001F721B998D84007D2DBA /* DZYNewViewController.m */,
			);
			path = Controller;
			sourceTree = "<group>";
		};
		40001F591B99895A007D2DBA /* Model */ = {
			isa = PBXGroup;
			children = (
			);
			path = Model;
			sourceTree = "<group>";
		};
		40001F5A1B99895A007D2DBA /* View */ = {
			isa = PBXGroup;
			children = (
			);
			path = View;
			sourceTree = "<group>";
		};
		40001F5B1B99895A007D2DBA /* Other-其它 */ = {
			isa = PBXGroup;
			children = (
				40001F5E1B99895A007D2DBA /* Category */,
				40001F5F1B99895A007D2DBA /* Controller */,
				40001F611B99895A007D2DBA /* Model */,
				40001F621B99895A007D2DBA /* View */,
				40001F771B99A197007D2DBA /* PrefixHeader.pch */,
				40001F601B99895A007D2DBA /* main.m */,
				40001F5C1B99895A007D2DBA /* AppDelegate.h */,
				40001F5D1B99895A007D2DBA /* AppDelegate.m */,
				40CC7C7D1B9C58E500CC6105 /* NSDictionary+LOG.m */,
				40D0F4061B9C9AB200A24DF6 /* DZYConst.h */,
				40D0F4071B9C9AB200A24DF6 /* DZYConst.m */,
				409C66AE1BAD378300DE79B1 /* MJExtensionConfig.h */,
				409C66AF1BAD378300DE79B1 /* MJExtensionConfig.m */,
			);
			path = "Other-其它";
			sourceTree = "<group>";
		};
		40001F5E1B99895A007D2DBA /* Category */ = {
			isa = PBXGroup;
			children = (
				40001F781B99A6D7007D2DBA /* UIBarButtonItem+DZYExtension.h */,
				40001F791B99A6D7007D2DBA /* UIBarButtonItem+DZYExtension.m */,
				407FF90D1B9B17B300D21B68 /* UIView+DZYExtension.h */,
				407FF90E1B9B17B300D21B68 /* UIView+DZYExtension.m */,
				40D0F3FB1B9C827F00A24DF6 /* UIImage+DZYExtension.h */,
				40D0F3FC1B9C827F00A24DF6 /* UIImage+DZYExtension.m */,
				40D0F3FE1B9C8AB300A24DF6 /* UIImageView+DZYExtension.h */,
				40D0F3FF1B9C8AB300A24DF6 /* UIImageView+DZYExtension.m */,
				403DE8681B9EC7EB00958B0A /* NSString+DZYExtension.h */,
				403DE8691B9EC7EB00958B0A /* NSString+DZYExtension.m */,
				4045B7341BA2FDC1009469E1 /* UITextField+DZYExtension.h */,
				4045B7351BA2FDC1009469E1 /* UITextField+DZYExtension.m */,
				40972EDE1BA7F40C005DFE27 /* NSDate+DZYExtension.h */,
				40972EDF1BA7F40C005DFE27 /* NSDate+DZYExtension.m */,
			);
			path = Category;
			sourceTree = "<group>";
		};
		40001F5F1B99895A007D2DBA /* Controller */ = {
			isa = PBXGroup;
			children = (
				40001F651B998CC1007D2DBA /* DZYTabBarController.h */,
				40001F661B998CC1007D2DBA /* DZYTabBarController.m */,
				405CA2B41B9AAD3700B09395 /* DZYNavigationController.h */,
				405CA2B51B9AAD3700B09395 /* DZYNavigationController.m */,
			);
			path = Controller;
			sourceTree = "<group>";
		};
		40001F611B99895A007D2DBA /* Model */ = {
			isa = PBXGroup;
			children = (
			);
			path = Model;
			sourceTree = "<group>";
		};
		40001F621B99895A007D2DBA /* View */ = {
			isa = PBXGroup;
			children = (
				40001F741B999313007D2DBA /* DZYTabBar.h */,
				40001F751B999313007D2DBA /* DZYTabBar.m */,
			);
			path = View;
			sourceTree = "<group>";
		};
		40531A611BA045A4006845C8 /* Publish-发布 */ = {
			isa = PBXGroup;
			children = (
				40531A621BA045A4006845C8 /* Controller */,
				40531A631BA045A4006845C8 /* View */,
			);
			path = "Publish-发布";
			sourceTree = "<group>";
		};
		40531A621BA045A4006845C8 /* Controller */ = {
			isa = PBXGroup;
			children = (
				40531A641BA046DF006845C8 /* DZYPublishViewController.h */,
				40531A651BA046DF006845C8 /* DZYPublishViewController.m */,
				40531A661BA046DF006845C8 /* DZYPublishViewController.xib */,
				40400FED1BA0936700B5B165 /* DZYPostWordViewController.h */,
				40400FEE1BA0936700B5B165 /* DZYPostWordViewController.m */,
				4045B7371BA3389F009469E1 /* DZYAddTagViewController.h */,
				4045B7381BA3389F009469E1 /* DZYAddTagViewController.m */,
			);
			path = Controller;
			sourceTree = "<group>";
		};
		40531A631BA045A4006845C8 /* View */ = {
			isa = PBXGroup;
			children = (
				40531A691BA05A7F006845C8 /* DZYPublishButton.h */,
				40531A6A1BA05A7F006845C8 /* DZYPublishButton.m */,
				40400FF31BA0975100B5B165 /* DZYPlaceholderTextView.h */,
				40400FF41BA0975100B5B165 /* DZYPlaceholderTextView.m */,
				4045B72F1BA2EBC3009469E1 /* DZYPostWordToolbar.h */,
				4045B7301BA2EBC3009469E1 /* DZYPostWordToolbar.m */,
				4045B7321BA2EBF2009469E1 /* DZYPostWordToolbar.xib */,
				4096E2C71BA4364900C0A878 /* DZYTagButton.h */,
				4096E2C81BA4364900C0A878 /* DZYTagButton.m */,
				4096E2CA1BA4705A00C0A878 /* DZYTagTextField.h */,
				4096E2CB1BA4705A00C0A878 /* DZYTagTextField.m */,
			);
			path = View;
			sourceTree = "<group>";
		};
		40E40A551B996A78002A26D7 = {
			isa = PBXGroup;
			children = (
				40E40A601B996A78002A26D7 /* BS */,
				40E40A7D1B996A78002A26D7 /* BSTests */,
				40E40A5F1B996A78002A26D7 /* Products */,
				2FAAC0F37F54DEEED277188D /* Pods */,
				484362DEB1A9C5FC4F925AC6 /* Frameworks */,
			);
			sourceTree = "<group>";
		};
		40E40A5F1B996A78002A26D7 /* Products */ = {
			isa = PBXGroup;
			children = (
				40E40A5E1B996A78002A26D7 /* BS.app */,
				40E40A7A1B996A78002A26D7 /* BSTests.xctest */,
			);
			name = Products;
			sourceTree = "<group>";
		};
		40E40A601B996A78002A26D7 /* BS */ = {
			isa = PBXGroup;
			children = (
				40001F4A1B99895A007D2DBA /* Classes */,
				40E40A611B996A78002A26D7 /* Supporting Files */,
			);
			path = BS;
			sourceTree = "<group>";
		};
		40E40A611B996A78002A26D7 /* Supporting Files */ = {
			isa = PBXGroup;
			children = (
				40E40A711B996A78002A26D7 /* Images.xcassets */,
				40E40A621B996A78002A26D7 /* Info.plist */,
				402B08941BA71989002BC995 /* DZYMyFooter.h */,
				402B08951BA71989002BC995 /* DZYMyFooter.m */,
			);
			name = "Supporting Files";
			sourceTree = "<group>";
		};
		40E40A7D1B996A78002A26D7 /* BSTests */ = {
			isa = PBXGroup;
			children = (
				40E40A801B996A78002A26D7 /* BSTests.m */,
				40E40A7E1B996A78002A26D7 /* Supporting Files */,
			);
			path = BSTests;
			sourceTree = "<group>";
		};
		40E40A7E1B996A78002A26D7 /* Supporting Files */ = {
			isa = PBXGroup;
			children = (
				40E40A7F1B996A78002A26D7 /* Info.plist */,
			);
			name = "Supporting Files";
			sourceTree = "<group>";
		};
		484362DEB1A9C5FC4F925AC6 /* Frameworks */ = {
			isa = PBXGroup;
			children = (
				78A1EDE84C19FD47A6EF197C /* libPods.a */,
			);
			name = Frameworks;
			sourceTree = "<group>";
		};
/* End PBXGroup section */

/* Begin PBXNativeTarget section */
		40E40A5D1B996A78002A26D7 /* BS */ = {
			isa = PBXNativeTarget;
			buildConfigurationList = 40E40A841B996A78002A26D7 /* Build configuration list for PBXNativeTarget "BS" */;
			buildPhases = (
				454D32B485BB60EAAC6D04E6 /* Check Pods Manifest.lock */,
				40E40A5A1B996A78002A26D7 /* Sources */,
				40E40A5B1B996A78002A26D7 /* Frameworks */,
				40E40A5C1B996A78002A26D7 /* Resources */,
				DE8D479CBA1A534409B55F64 /* Copy Pods Resources */,
			);
			buildRules = (
			);
			dependencies = (
			);
			name = BS;
			productName = BS;
			productReference = 40E40A5E1B996A78002A26D7 /* BS.app */;
			productType = "com.apple.product-type.application";
		};
		40E40A791B996A78002A26D7 /* BSTests */ = {
			isa = PBXNativeTarget;
			buildConfigurationList = 40E40A871B996A78002A26D7 /* Build configuration list for PBXNativeTarget "BSTests" */;
			buildPhases = (
				40E40A761B996A78002A26D7 /* Sources */,
				40E40A771B996A78002A26D7 /* Frameworks */,
				40E40A781B996A78002A26D7 /* Resources */,
			);
			buildRules = (
			);
			dependencies = (
				40E40A7C1B996A78002A26D7 /* PBXTargetDependency */,
			);
			name = BSTests;
			productName = BSTests;
			productReference = 40E40A7A1B996A78002A26D7 /* BSTests.xctest */;
			productType = "com.apple.product-type.bundle.unit-test";
		};
/* End PBXNativeTarget section */

/* Begin PBXProject section */
		40E40A561B996A78002A26D7 /* Project object */ = {
			isa = PBXProject;
			attributes = {
				CLASSPREFIX = DZY;
				LastUpgradeCheck = 0640;
				ORGANIZATIONNAME = "董震宇";
				TargetAttributes = {
					40E40A5D1B996A78002A26D7 = {
						CreatedOnToolsVersion = 6.4;
					};
					40E40A791B996A78002A26D7 = {
						CreatedOnToolsVersion = 6.4;
						TestTargetID = 40E40A5D1B996A78002A26D7;
					};
				};
			};
			buildConfigurationList = 40E40A591B996A78002A26D7 /* Build configuration list for PBXProject "BS" */;
			compatibilityVersion = "Xcode 3.2";
			developmentRegion = English;
			hasScannedForEncodings = 0;
			knownRegions = (
				en,
				Base,
			);
			mainGroup = 40E40A551B996A78002A26D7;
			productRefGroup = 40E40A5F1B996A78002A26D7 /* Products */;
			projectDirPath = "";
			projectRoot = "";
			targets = (
				40E40A5D1B996A78002A26D7 /* BS */,
				40E40A791B996A78002A26D7 /* BSTests */,
			);
		};
/* End PBXProject section */

/* Begin PBXResourcesBuildPhase section */
		40E40A5C1B996A78002A26D7 /* Resources */ = {
			isa = PBXResourcesBuildPhase;
			buildActionMask = 2147483647;
			files = (
				40531A681BA046DF006845C8 /* DZYPublishViewController.xib in Resources */,
				409C66BA1BAD537300DE79B1 /* DZYCommentCell.xib in Resources */,
				407FF9091B9AF11700D21B68 /* DZYLoginRegisterViewController.xib in Resources */,
				409C66B51BAD483400DE79B1 /* DZYCommentViewController.xib in Resources */,
				40CC7C791B9C145E00CC6105 /* DZYRecommendTagCell.xib in Resources */,
				407FF9041B9AE48600D21B68 /* DZYFriendTrendsViewController.xib in Resources */,
				401BA8D41BAC77D400DD6394 /* DZYTopicVideoView.xib in Resources */,
				4094BB8C1B9DFF98000BEE54 /* DZYWebViewController.xib in Resources */,
				401BA8D91BAC83B700DD6394 /* DZYTopicVioceView.xib in Resources */,
				408CC25B1BA9CA56003B06EA /* DZYTopicPictureView.xib in Resources */,
				401BA8CF1BABE83600DD6394 /* DZYSeeBigPictureViewController.xib in Resources */,
				40E40A721B996A78002A26D7 /* Images.xcassets in Resources */,
				4045B7331BA2EBF2009469E1 /* DZYPostWordToolbar.xib in Resources */,
				402B08901BA6F167002BC995 /* DZYTopicCell.xib in Resources */,
			);
			runOnlyForDeploymentPostprocessing = 0;
		};
		40E40A781B996A78002A26D7 /* Resources */ = {
			isa = PBXResourcesBuildPhase;
			buildActionMask = 2147483647;
			files = (
			);
			runOnlyForDeploymentPostprocessing = 0;
		};
/* End PBXResourcesBuildPhase section */

/* Begin PBXShellScriptBuildPhase section */
		454D32B485BB60EAAC6D04E6 /* Check Pods Manifest.lock */ = {
			isa = PBXShellScriptBuildPhase;
			buildActionMask = 2147483647;
			files = (
			);
			inputPaths = (
			);
			name = "Check Pods Manifest.lock";
			outputPaths = (
			);
			runOnlyForDeploymentPostprocessing = 0;
			shellPath = /bin/sh;
			shellScript = "diff \"${PODS_ROOT}/../Podfile.lock\" \"${PODS_ROOT}/Manifest.lock\" > /dev/null\nif [[ $? != 0 ]] ; then\n    cat << EOM\nerror: The sandbox is not in sync with the Podfile.lock. Run 'pod install' or update your CocoaPods installation.\nEOM\n    exit 1\nfi\n";
			showEnvVarsInLog = 0;
		};
		DE8D479CBA1A534409B55F64 /* Copy Pods Resources */ = {
			isa = PBXShellScriptBuildPhase;
			buildActionMask = 2147483647;
			files = (
			);
			inputPaths = (
			);
			name = "Copy Pods Resources";
			outputPaths = (
			);
			runOnlyForDeploymentPostprocessing = 0;
			shellPath = /bin/sh;
			shellScript = "\"${SRCROOT}/Pods/Target Support Files/Pods/Pods-resources.sh\"\n";
			showEnvVarsInLog = 0;
		};
/* End PBXShellScriptBuildPhase section */

/* Begin PBXSourcesBuildPhase section */
		40E40A5A1B996A78002A26D7 /* Sources */ = {
			isa = PBXSourcesBuildPhase;
			buildActionMask = 2147483647;
			files = (
				40001F701B998D76007D2DBA /* DZYMeViewController.m in Sources */,
				403DE86A1B9EC7EB00958B0A /* NSString+DZYExtension.m in Sources */,
				40D0F3FD1B9C827F00A24DF6 /* UIImage+DZYExtension.m in Sources */,
				4045B7361BA2FDC1009469E1 /* UITextField+DZYExtension.m in Sources */,
				402B08961BA71989002BC995 /* DZYMyFooter.m in Sources */,
				40001F761B999313007D2DBA /* DZYTabBar.m in Sources */,
				409C66B41BAD483400DE79B1 /* DZYCommentViewController.m in Sources */,
				4096E2CC1BA4705A00C0A878 /* DZYTagTextField.m in Sources */,
				40001F7A1B99A6D7007D2DBA /* UIBarButtonItem+DZYExtension.m in Sources */,
				403DE8701B9EF5ED00958B0A /* DZYThirdCell.m in Sources */,
				40CC7C7E1B9C58E500CC6105 /* NSDictionary+LOG.m in Sources */,
				407FF90F1B9B17B300D21B68 /* UIView+DZYExtension.m in Sources */,
				40A6F40F1B9DBC510026B079 /* DZYSquare.m in Sources */,
				409C66B91BAD537300DE79B1 /* DZYCommentCell.m in Sources */,
				402B088F1BA6F167002BC995 /* DZYTopicCell.m in Sources */,
				40CC7C781B9C145E00CC6105 /* DZYRecommendTagCell.m in Sources */,
				4045B7311BA2EBC3009469E1 /* DZYPostWordToolbar.m in Sources */,
				40E1D1E21BA5E5AF00B14E84 /* DZYWordViewController.m in Sources */,
				409C66B01BAD378300DE79B1 /* MJExtensionConfig.m in Sources */,
				4096E2C91BA4364900C0A878 /* DZYTagButton.m in Sources */,
				40531A671BA046DF006845C8 /* DZYPublishViewController.m in Sources */,
				40400FEF1BA0936700B5B165 /* DZYPostWordViewController.m in Sources */,
				40E1D1D91BA5E57800B14E84 /* DZYVideoViewController.m in Sources */,
				40A6F40C1B9DB8710026B079 /* DZYMeFooterView.m in Sources */,
				407FF9121B9B38AD00D21B68 /* DZYLoginRegisterTextField.m in Sources */,
				40001F6D1B998D6A007D2DBA /* DZYFriendTrendsViewController.m in Sources */,
				40400FF51BA0975100B5B165 /* DZYPlaceholderTextView.m in Sources */,
				40CC7C7C1B9C4DF700CC6105 /* DZYRecommendTag.m in Sources */,
				40001F671B998CC1007D2DBA /* DZYTabBarController.m in Sources */,
				40D0F4001B9C8AB300A24DF6 /* UIImageView+DZYExtension.m in Sources */,
				40E1D1D61BA5E55E00B14E84 /* DZYAllViewController.m in Sources */,
				407FF90C1B9B14E200D21B68 /* DZYQuickLoginButton.m in Sources */,
				40E1D1D31BA5D95700B14E84 /* DZYTitleButton.m in Sources */,
				409C66AA1BAD2B9300DE79B1 /* DZYUser.m in Sources */,
				40001F7D1B99A964007D2DBA /* DZYTagViewController.m in Sources */,
				4045B7391BA3389F009469E1 /* DZYAddTagViewController.m in Sources */,
				40001F731B998D84007D2DBA /* DZYNewViewController.m in Sources */,
				40D0F4081B9C9AB200A24DF6 /* DZYConst.m in Sources */,
				40E1D1DC1BA5E58900B14E84 /* DZYVoiceViewController.m in Sources */,
				407FF9081B9AF11700D21B68 /* DZYLoginRegisterViewController.m in Sources */,
				401BA8D71BAC839A00DD6394 /* DZYTopicVioceView.m in Sources */,
				409C66AD1BAD2BA800DE79B1 /* DZYComment.m in Sources */,
				409C66C01BADA9E400DE79B1 /* DZYCommentHeadView.m in Sources */,
				40001F801B99AB9E007D2DBA /* DZYSettingViewController.m in Sources */,
				40531A6B1BA05A7F006845C8 /* DZYPublishButton.m in Sources */,
				40E1D1DF1BA5E59F00B14E84 /* DZYPictureViewController.m in Sources */,
				405CA2B61B9AAD3700B09395 /* DZYNavigationController.m in Sources */,
				40972EE01BA7F40C005DFE27 /* NSDate+DZYExtension.m in Sources */,
				4094BB8B1B9DFF98000BEE54 /* DZYWebViewController.m in Sources */,
				401BA8CE1BABE83600DD6394 /* DZYSeeBigPictureViewController.m in Sources */,
				40001F6A1B998D41007D2DBA /* DZYEssenceViewController.m in Sources */,
				403DE86D1B9ED90500958B0A /* DZYClearCachesCell.m in Sources */,
				402B088B1BA6F10B002BC995 /* DZYTopic.m in Sources */,
				40001F641B99895A007D2DBA /* main.m in Sources */,
				40A6F4091B9DA2B80026B079 /* DZYMeCell.m in Sources */,
				408CC2591BA9CA45003B06EA /* DZYTopicPictureView.m in Sources */,
				40A6F4121B9DE7870026B079 /* DZYSquareButton.m in Sources */,
				401BA8D21BAC77B600DD6394 /* DZYTopicVideoView.m in Sources */,
				40001F631B99895A007D2DBA /* AppDelegate.m in Sources */,
			);
			runOnlyForDeploymentPostprocessing = 0;
		};
		40E40A761B996A78002A26D7 /* Sources */ = {
			isa = PBXSourcesBuildPhase;
			buildActionMask = 2147483647;
			files = (
				40E40A811B996A78002A26D7 /* BSTests.m in Sources */,
			);
			runOnlyForDeploymentPostprocessing = 0;
		};
/* End PBXSourcesBuildPhase section */

/* Begin PBXTargetDependency section */
		40E40A7C1B996A78002A26D7 /* PBXTargetDependency */ = {
			isa = PBXTargetDependency;
			target = 40E40A5D1B996A78002A26D7 /* BS */;
			targetProxy = 40E40A7B1B996A78002A26D7 /* PBXContainerItemProxy */;
		};
/* End PBXTargetDependency section */

/* Begin XCBuildConfiguration section */
		40E40A821B996A78002A26D7 /* Debug */ = {
			isa = XCBuildConfiguration;
			buildSettings = {
				ALWAYS_SEARCH_USER_PATHS = NO;
				CLANG_CXX_LANGUAGE_STANDARD = "gnu++0x";
				CLANG_CXX_LIBRARY = "libc++";
				CLANG_ENABLE_MODULES = YES;
				CLANG_ENABLE_OBJC_ARC = YES;
				CLANG_WARN_BOOL_CONVERSION = YES;
				CLANG_WARN_CONSTANT_CONVERSION = YES;
				CLANG_WARN_DIRECT_OBJC_ISA_USAGE = YES_ERROR;
				CLANG_WARN_EMPTY_BODY = YES;
				CLANG_WARN_ENUM_CONVERSION = YES;
				CLANG_WARN_INT_CONVERSION = YES;
				CLANG_WARN_OBJC_ROOT_CLASS = YES_ERROR;
				CLANG_WARN_UNREACHABLE_CODE = YES;
				CLANG_WARN__DUPLICATE_METHOD_MATCH = YES;
				"CODE_SIGN_IDENTITY[sdk=iphoneos*]" = "iPhone Developer";
				COPY_PHASE_STRIP = NO;
				DEBUG_INFORMATION_FORMAT = "dwarf-with-dsym";
				ENABLE_STRICT_OBJC_MSGSEND = YES;
				GCC_C_LANGUAGE_STANDARD = gnu99;
				GCC_DYNAMIC_NO_PIC = NO;
				GCC_NO_COMMON_BLOCKS = YES;
				GCC_OPTIMIZATION_LEVEL = 0;
				GCC_PREFIX_HEADER = "BS/Classes/Other-其它/PrefixHeader.pch";
				GCC_PREPROCESSOR_DEFINITIONS = (
					"DEBUG=1",
					"$(inherited)",
				);
				GCC_SYMBOLS_PRIVATE_EXTERN = NO;
				GCC_WARN_64_TO_32_BIT_CONVERSION = YES;
				GCC_WARN_ABOUT_RETURN_TYPE = YES_ERROR;
				GCC_WARN_UNDECLARED_SELECTOR = YES;
				GCC_WARN_UNINITIALIZED_AUTOS = YES_AGGRESSIVE;
				GCC_WARN_UNUSED_FUNCTION = YES;
				GCC_WARN_UNUSED_VARIABLE = YES;
				IPHONEOS_DEPLOYMENT_TARGET = 8.4;
				MTL_ENABLE_DEBUG_INFO = YES;
				ONLY_ACTIVE_ARCH = YES;
				SDKROOT = iphoneos;
			};
			name = Debug;
		};
		40E40A831B996A78002A26D7 /* Release */ = {
			isa = XCBuildConfiguration;
			buildSettings = {
				ALWAYS_SEARCH_USER_PATHS = NO;
				CLANG_CXX_LANGUAGE_STANDARD = "gnu++0x";
				CLANG_CXX_LIBRARY = "libc++";
				CLANG_ENABLE_MODULES = YES;
				CLANG_ENABLE_OBJC_ARC = YES;
				CLANG_WARN_BOOL_CONVERSION = YES;
				CLANG_WARN_CONSTANT_CONVERSION = YES;
				CLANG_WARN_DIRECT_OBJC_ISA_USAGE = YES_ERROR;
				CLANG_WARN_EMPTY_BODY = YES;
				CLANG_WARN_ENUM_CONVERSION = YES;
				CLANG_WARN_INT_CONVERSION = YES;
				CLANG_WARN_OBJC_ROOT_CLASS = YES_ERROR;
				CLANG_WARN_UNREACHABLE_CODE = YES;
				CLANG_WARN__DUPLICATE_METHOD_MATCH = YES;
				"CODE_SIGN_IDENTITY[sdk=iphoneos*]" = "iPhone Developer";
				COPY_PHASE_STRIP = NO;
				DEBUG_INFORMATION_FORMAT = "dwarf-with-dsym";
				ENABLE_NS_ASSERTIONS = NO;
				ENABLE_STRICT_OBJC_MSGSEND = YES;
				GCC_C_LANGUAGE_STANDARD = gnu99;
				GCC_NO_COMMON_BLOCKS = YES;
				GCC_PREFIX_HEADER = "BS/Classes/Other-其它/PrefixHeader.pch";
				GCC_WARN_64_TO_32_BIT_CONVERSION = YES;
				GCC_WARN_ABOUT_RETURN_TYPE = YES_ERROR;
				GCC_WARN_UNDECLARED_SELECTOR = YES;
				GCC_WARN_UNINITIALIZED_AUTOS = YES_AGGRESSIVE;
				GCC_WARN_UNUSED_FUNCTION = YES;
				GCC_WARN_UNUSED_VARIABLE = YES;
				IPHONEOS_DEPLOYMENT_TARGET = 8.4;
				MTL_ENABLE_DEBUG_INFO = NO;
				SDKROOT = iphoneos;
				VALIDATE_PRODUCT = YES;
			};
			name = Release;
		};
		40E40A851B996A78002A26D7 /* Debug */ = {
			isa = XCBuildConfiguration;
			baseConfigurationReference = 57F6E491236E2D6EFC62ADE2 /* Pods.debug.xcconfig */;
			buildSettings = {
				ASSETCATALOG_COMPILER_APPICON_NAME = AppIcon;
				ASSETCATALOG_COMPILER_LAUNCHIMAGE_NAME = LaunchImage;
				INFOPLIST_FILE = BS/Info.plist;
				LD_RUNPATH_SEARCH_PATHS = "$(inherited) @executable_path/Frameworks";
				PRODUCT_NAME = "$(TARGET_NAME)";
			};
			name = Debug;
		};
		40E40A861B996A78002A26D7 /* Release */ = {
			isa = XCBuildConfiguration;
			baseConfigurationReference = A3A7EE185437AD2DDEAA0353 /* Pods.release.xcconfig */;
			buildSettings = {
				ASSETCATALOG_COMPILER_APPICON_NAME = AppIcon;
				ASSETCATALOG_COMPILER_LAUNCHIMAGE_NAME = LaunchImage;
				INFOPLIST_FILE = BS/Info.plist;
				LD_RUNPATH_SEARCH_PATHS = "$(inherited) @executable_path/Frameworks";
				PRODUCT_NAME = "$(TARGET_NAME)";
			};
			name = Release;
		};
		40E40A881B996A78002A26D7 /* Debug */ = {
			isa = XCBuildConfiguration;
			buildSettings = {
				BUNDLE_LOADER = "$(TEST_HOST)";
				FRAMEWORK_SEARCH_PATHS = (
					"$(SDKROOT)/Developer/Library/Frameworks",
					"$(inherited)",
				);
				GCC_PREPROCESSOR_DEFINITIONS = (
					"DEBUG=1",
					"$(inherited)",
				);
				INFOPLIST_FILE = BSTests/Info.plist;
				LD_RUNPATH_SEARCH_PATHS = "$(inherited) @executable_path/Frameworks @loader_path/Frameworks";
				PRODUCT_NAME = "$(TARGET_NAME)";
				TEST_HOST = "$(BUILT_PRODUCTS_DIR)/BS.app/BS";
			};
			name = Debug;
		};
		40E40A891B996A78002A26D7 /* Release */ = {
			isa = XCBuildConfiguration;
			buildSettings = {
				BUNDLE_LOADER = "$(TEST_HOST)";
				FRAMEWORK_SEARCH_PATHS = (
					"$(SDKROOT)/Developer/Library/Frameworks",
					"$(inherited)",
				);
				INFOPLIST_FILE = BSTests/Info.plist;
				LD_RUNPATH_SEARCH_PATHS = "$(inherited) @executable_path/Frameworks @loader_path/Frameworks";
				PRODUCT_NAME = "$(TARGET_NAME)";
				TEST_HOST = "$(BUILT_PRODUCTS_DIR)/BS.app/BS";
			};
			name = Release;
		};
/* End XCBuildConfiguration section */

/* Begin XCConfigurationList section */
		40E40A591B996A78002A26D7 /* Build configuration list for PBXProject "BS" */ = {
			isa = XCConfigurationList;
			buildConfigurations = (
				40E40A821B996A78002A26D7 /* Debug */,
				40E40A831B996A78002A26D7 /* Release */,
			);
			defaultConfigurationIsVisible = 0;
			defaultConfigurationName = Release;
		};
		40E40A841B996A78002A26D7 /* Build configuration list for PBXNativeTarget "BS" */ = {
			isa = XCConfigurationList;
			buildConfigurations = (
				40E40A851B996A78002A26D7 /* Debug */,
				40E40A861B996A78002A26D7 /* Release */,
			);
			defaultConfigurationIsVisible = 0;
			defaultConfigurationName = Release;
		};
		40E40A871B996A78002A26D7 /* Build configuration list for PBXNativeTarget "BSTests" */ = {
			isa = XCConfigurationList;
			buildConfigurations = (
				40E40A881B996A78002A26D7 /* Debug */,
				40E40A891B996A78002A26D7 /* Release */,
			);
			defaultConfigurationIsVisible = 0;
			defaultConfigurationName = Release;
		};
/* End XCConfigurationList section */
	};
	rootObject = 40E40A561B996A78002A26D7 /* Project object */;
}
