// !$*UTF8*$!
{
	archiveVersion = 1;
	classes = {
	};
	objectVersion = 46;
	objects = {

/* Begin PBXBuildFile section */
		40001F631B99895A007D2DBA /* AppDelegate.m in Sources */ = {isa = PBXBuildFile; fileRef = 40001F5D1B99895A007D2DBA /* AppDelegate.m */; };
		40001F641B99895A007D2DBA /* main.m in Sources */ = {isa = PBXBuildFile; fileRef = 40001F601B99895A007D2DBA /* main.m */; };
		40001F671B998CC1007D2DBA /* DZYTabBarController.m in Sources */ = {isa = PBXBuildFile; fileRef = 40001F661B998CC1007D2DBA /* DZYTabBarController.m */; };
		40001F6A1B998D41007D2DBA /* DZYEssenceViewController.m in Sources */ = {isa = PBXBuildFile; fileRef = 40001F691B998D41007D2DBA /* DZYEssenceViewController.m */; };
		40001F6D1B998D6A007D2DBA /* DZYFriendTrendsViewController.m in Sources */ = {isa = PBXBuildFile; fileRef = 40001F6C1B998D6A007D2DBA /* DZYFriendTrendsViewController.m */; };
		40001F701B998D76007D2DBA /* DZYMeViewController.m in Sources */ = {isa = PBXBuildFile; fileRef = 40001F6F1B998D76007D2DBA /* DZYMeViewController.m */; };
		40001F731B998D84007D2DBA /* DZYNewViewController.m in Sources */ = {isa = PBXBuildFile; fileRef = 40001F721B998D84007D2DBA /* DZYNewViewController.m */; };
		40001F761B999313007D2DBA /* DZYTabBar.m in Sources */ = {isa = PBXBuildFile; fileRef = 40001F751B999313007D2DBA /* DZYTabBar.m */; };
		40001F7A1B99A6D7007D2DBA /* UIBarButtonItem+DZYExtension.m in Sources */ = {isa = PBXBuildFile; fileRef = 40001F791B99A6D7007D2DBA /* UIBarButtonItem+DZYExtension.m */; };
		40001F7D1B99A964007D2DBA /* DZYTagViewController.m in Sources */ = {isa = PBXBuildFile; fileRef = 40001F7C1B99A964007D2DBA /* DZYTagViewController.m */; };
		40001F801B99AB9E007D2DBA /* DZYSettingViewController.m in Sources */ = {isa = PBXBuildFile; fileRef = 40001F7F1B99AB9E007D2DBA /* DZYSettingViewController.m */; };
		40E40A721B996A78002A26D7 /* Images.xcassets in Resources */ = {isa = PBXBuildFile; fileRef = 40E40A711B996A78002A26D7 /* Images.xcassets */; };
		40E40A811B996A78002A26D7 /* BSTests.m in Sources */ = {isa = PBXBuildFile; fileRef = 40E40A801B996A78002A26D7 /* BSTests.m */; };
/* End PBXBuildFile section */

/* Begin PBXContainerItemProxy section */
		40E40A7B1B996A78002A26D7 /* PBXContainerItemProxy */ = {
			isa = PBXContainerItemProxy;
			containerPortal = 40E40A561B996A78002A26D7 /* Project object */;
			proxyType = 1;
			remoteGlobalIDString = 40E40A5D1B996A78002A26D7;
			remoteInfo = BS;
		};
/* End PBXContainerItemProxy section */

/* Begin PBXFileReference section */
		40001F5C1B99895A007D2DBA /* AppDelegate.h */ = {isa = PBXFileReference; fileEncoding = 4; lastKnownFileType = sourcecode.c.h; path = AppDelegate.h; sourceTree = "<group>"; };
		40001F5D1B99895A007D2DBA /* AppDelegate.m */ = {isa = PBXFileReference; fileEncoding = 4; lastKnownFileType = sourcecode.c.objc; path = AppDelegate.m; sourceTree = "<group>"; };
		40001F601B99895A007D2DBA /* main.m */ = {isa = PBXFileReference; fileEncoding = 4; lastKnownFileType = sourcecode.c.objc; path = main.m; sourceTree = "<group>"; };
		40001F651B998CC1007D2DBA /* DZYTabBarController.h */ = {isa = PBXFileReference; fileEncoding = 4; lastKnownFileType = sourcecode.c.h; path = DZYTabBarController.h; sourceTree = "<group>"; };
		40001F661B998CC1007D2DBA /* DZYTabBarController.m */ = {isa = PBXFileReference; fileEncoding = 4; lastKnownFileType = sourcecode.c.objc; path = DZYTabBarController.m; sourceTree = "<group>"; };
		40001F681B998D41007D2DBA /* DZYEssenceViewController.h */ = {isa = PBXFileReference; fileEncoding = 4; lastKnownFileType = sourcecode.c.h; path = DZYEssenceViewController.h; sourceTree = "<group>"; };
		40001F691B998D41007D2DBA /* DZYEssenceViewController.m */ = {isa = PBXFileReference; fileEncoding = 4; lastKnownFileType = sourcecode.c.objc; path = DZYEssenceViewController.m; sourceTree = "<group>"; };
		40001F6B1B998D6A007D2DBA /* DZYFriendTrendsViewController.h */ = {isa = PBXFileReference; fileEncoding = 4; lastKnownFileType = sourcecode.c.h; path = DZYFriendTrendsViewController.h; sourceTree = "<group>"; };
		40001F6C1B998D6A007D2DBA /* DZYFriendTrendsViewController.m */ = {isa = PBXFileReference; fileEncoding = 4; lastKnownFileType = sourcecode.c.objc; path = DZYFriendTrendsViewController.m; sourceTree = "<group>"; };
		40001F6E1B998D76007D2DBA /* DZYMeViewController.h */ = {isa = PBXFileReference; fileEncoding = 4; lastKnownFileType = sourcecode.c.h; path = DZYMeViewController.h; sourceTree = "<group>"; };
		40001F6F1B998D76007D2DBA /* DZYMeViewController.m */ = {isa = PBXFileReference; fileEncoding = 4; lastKnownFileType = sourcecode.c.objc; path = DZYMeViewController.m; sourceTree = "<group>"; };
		40001F711B998D84007D2DBA /* DZYNewViewController.h */ = {isa = PBXFileReference; fileEncoding = 4; lastKnownFileType = sourcecode.c.h; path = DZYNewViewController.h; sourceTree = "<group>"; };
		40001F721B998D84007D2DBA /* DZYNewViewController.m */ = {isa = PBXFileReference; fileEncoding = 4; lastKnownFileType = sourcecode.c.objc; path = DZYNewViewController.m; sourceTree = "<group>"; };
		40001F741B999313007D2DBA /* DZYTabBar.h */ = {isa = PBXFileReference; fileEncoding = 4; lastKnownFileType = sourcecode.c.h; path = DZYTabBar.h; sourceTree = "<group>"; };
		40001F751B999313007D2DBA /* DZYTabBar.m */ = {isa = PBXFileReference; fileEncoding = 4; lastKnownFileType = sourcecode.c.objc; path = DZYTabBar.m; sourceTree = "<group>"; };
		40001F771B99A197007D2DBA /* PrefixHeader.pch */ = {isa = PBXFileReference; lastKnownFileType = sourcecode.c.h; path = PrefixHeader.pch; sourceTree = "<group>"; };
		40001F781B99A6D7007D2DBA /* UIBarButtonItem+DZYExtension.h */ = {isa = PBXFileReference; fileEncoding = 4; lastKnownFileType = sourcecode.c.h; path = "UIBarButtonItem+DZYExtension.h"; sourceTree = "<group>"; };
		40001F791B99A6D7007D2DBA /* UIBarButtonItem+DZYExtension.m */ = {isa = PBXFileReference; fileEncoding = 4; lastKnownFileType = sourcecode.c.objc; path = "UIBarButtonItem+DZYExtension.m"; sourceTree = "<group>"; };
		40001F7B1B99A964007D2DBA /* DZYTagViewController.h */ = {isa = PBXFileReference; fileEncoding = 4; lastKnownFileType = sourcecode.c.h; path = DZYTagViewController.h; sourceTree = "<group>"; };
		40001F7C1B99A964007D2DBA /* DZYTagViewController.m */ = {isa = PBXFileReference; fileEncoding = 4; lastKnownFileType = sourcecode.c.objc; path = DZYTagViewController.m; sourceTree = "<group>"; };
		40001F7E1B99AB9E007D2DBA /* DZYSettingViewController.h */ = {isa = PBXFileReference; fileEncoding = 4; lastKnownFileType = sourcecode.c.h; path = DZYSettingViewController.h; sourceTree = "<group>"; };
		40001F7F1B99AB9E007D2DBA /* DZYSettingViewController.m */ = {isa = PBXFileReference; fileEncoding = 4; lastKnownFileType = sourcecode.c.objc; path = DZYSettingViewController.m; sourceTree = "<group>"; };
		40E40A5E1B996A78002A26D7 /* BS.app */ = {isa = PBXFileReference; explicitFileType = wrapper.application; includeInIndex = 0; path = BS.app; sourceTree = BUILT_PRODUCTS_DIR; };
		40E40A621B996A78002A26D7 /* Info.plist */ = {isa = PBXFileReference; lastKnownFileType = text.plist.xml; path = Info.plist; sourceTree = "<group>"; };
		40E40A711B996A78002A26D7 /* Images.xcassets */ = {isa = PBXFileReference; lastKnownFileType = folder.assetcatalog; path = Images.xcassets; sourceTree = "<group>"; };
		40E40A7A1B996A78002A26D7 /* BSTests.xctest */ = {isa = PBXFileReference; explicitFileType = wrapper.cfbundle; includeInIndex = 0; path = BSTests.xctest; sourceTree = BUILT_PRODUCTS_DIR; };
		40E40A7F1B996A78002A26D7 /* Info.plist */ = {isa = PBXFileReference; lastKnownFileType = text.plist.xml; path = Info.plist; sourceTree = "<group>"; };
		40E40A801B996A78002A26D7 /* BSTests.m */ = {isa = PBXFileReference; lastKnownFileType = sourcecode.c.objc; path = BSTests.m; sourceTree = "<group>"; };
/* End PBXFileReference section */

/* Begin PBXFrameworksBuildPhase section */
		40E40A5B1B996A78002A26D7 /* Frameworks */ = {
			isa = PBXFrameworksBuildPhase;
			buildActionMask = 2147483647;
			files = (
			);
			runOnlyForDeploymentPostprocessing = 0;
		};
		40E40A771B996A78002A26D7 /* Frameworks */ = {
			isa = PBXFrameworksBuildPhase;
			buildActionMask = 2147483647;
			files = (
			);
			runOnlyForDeploymentPostprocessing = 0;
		};
/* End PBXFrameworksBuildPhase section */

/* Begin PBXGroup section */
		40001F4A1B99895A007D2DBA /* Classes */ = {
			isa = PBXGroup;
			children = (
				40001F4B1B99895A007D2DBA /* Essence-精华 */,
				40001F4F1B99895A007D2DBA /* FriendTrends-关注 */,
				40001F531B99895A007D2DBA /* Me-我 */,
				40001F571B99895A007D2DBA /* New-新帖 */,
				40001F5B1B99895A007D2DBA /* Other-其它 */,
			);
			path = Classes;
			sourceTree = "<group>";
		};
		40001F4B1B99895A007D2DBA /* Essence-精华 */ = {
			isa = PBXGroup;
			children = (
				40001F4C1B99895A007D2DBA /* Controller */,
				40001F4D1B99895A007D2DBA /* Model */,
				40001F4E1B99895A007D2DBA /* View */,
			);
			path = "Essence-精华";
			sourceTree = "<group>";
		};
		40001F4C1B99895A007D2DBA /* Controller */ = {
			isa = PBXGroup;
			children = (
				40001F681B998D41007D2DBA /* DZYEssenceViewController.h */,
				40001F691B998D41007D2DBA /* DZYEssenceViewController.m */,
				40001F7B1B99A964007D2DBA /* DZYTagViewController.h */,
				40001F7C1B99A964007D2DBA /* DZYTagViewController.m */,
			);
			path = Controller;
			sourceTree = "<group>";
		};
		40001F4D1B99895A007D2DBA /* Model */ = {
			isa = PBXGroup;
			children = (
			);
			path = Model;
			sourceTree = "<group>";
		};
		40001F4E1B99895A007D2DBA /* View */ = {
			isa = PBXGroup;
			children = (
			);
			path = View;
			sourceTree = "<group>";
		};
		40001F4F1B99895A007D2DBA /* FriendTrends-关注 */ = {
			isa = PBXGroup;
			children = (
				40001F501B99895A007D2DBA /* Controller */,
				40001F511B99895A007D2DBA /* Model */,
				40001F521B99895A007D2DBA /* View */,
			);
			path = "FriendTrends-关注";
			sourceTree = "<group>";
		};
		40001F501B99895A007D2DBA /* Controller */ = {
			isa = PBXGroup;
			children = (
				40001F6B1B998D6A007D2DBA /* DZYFriendTrendsViewController.h */,
				40001F6C1B998D6A007D2DBA /* DZYFriendTrendsViewController.m */,
			);
			path = Controller;
			sourceTree = "<group>";
		};
		40001F511B99895A007D2DBA /* Model */ = {
			isa = PBXGroup;
			children = (
			);
			path = Model;
			sourceTree = "<group>";
		};
		40001F521B99895A007D2DBA /* View */ = {
			isa = PBXGroup;
			children = (
			);
			path = View;
			sourceTree = "<group>";
		};
		40001F531B99895A007D2DBA /* Me-我 */ = {
			isa = PBXGroup;
			children = (
				40001F541B99895A007D2DBA /* Controller */,
				40001F551B99895A007D2DBA /* Model */,
				40001F561B99895A007D2DBA /* View */,
			);
			path = "Me-我";
			sourceTree = "<group>";
		};
		40001F541B99895A007D2DBA /* Controller */ = {
			isa = PBXGroup;
			children = (
				40001F6E1B998D76007D2DBA /* DZYMeViewController.h */,
				40001F6F1B998D76007D2DBA /* DZYMeViewController.m */,
				40001F7E1B99AB9E007D2DBA /* DZYSettingViewController.h */,
				40001F7F1B99AB9E007D2DBA /* DZYSettingViewController.m */,
			);
			path = Controller;
			sourceTree = "<group>";
		};
		40001F551B99895A007D2DBA /* Model */ = {
			isa = PBXGroup;
			children = (
			);
			path = Model;
			sourceTree = "<group>";
		};
		40001F561B99895A007D2DBA /* View */ = {
			isa = PBXGroup;
			children = (
			);
			path = View;
			sourceTree = "<group>";
		};
		40001F571B99895A007D2DBA /* New-新帖 */ = {
			isa = PBXGroup;
			children = (
				40001F581B99895A007D2DBA /* Controller */,
				40001F591B99895A007D2DBA /* Model */,
				40001F5A1B99895A007D2DBA /* View */,
			);
			path = "New-新帖";
			sourceTree = "<group>";
		};
		40001F581B99895A007D2DBA /* Controller */ = {
			isa = PBXGroup;
			children = (
				40001F711B998D84007D2DBA /* DZYNewViewController.h */,
				40001F721B998D84007D2DBA /* DZYNewViewController.m */,
			);
			path = Controller;
			sourceTree = "<group>";
		};
		40001F591B99895A007D2DBA /* Model */ = {
			isa = PBXGroup;
			children = (
			);
			path = Model;
			sourceTree = "<group>";
		};
		40001F5A1B99895A007D2DBA /* View */ = {
			isa = PBXGroup;
			children = (
			);
			path = View;
			sourceTree = "<group>";
		};
		40001F5B1B99895A007D2DBA /* Other-其它 */ = {
			isa = PBXGroup;
			children = (
				40001F5E1B99895A007D2DBA /* Category */,
				40001F5F1B99895A007D2DBA /* Controller */,
				40001F611B99895A007D2DBA /* Model */,
				40001F621B99895A007D2DBA /* View */,
				40001F771B99A197007D2DBA /* PrefixHeader.pch */,
				40001F601B99895A007D2DBA /* main.m */,
				40001F5C1B99895A007D2DBA /* AppDelegate.h */,
				40001F5D1B99895A007D2DBA /* AppDelegate.m */,
			);
			path = "Other-其它";
			sourceTree = "<group>";
		};
		40001F5E1B99895A007D2DBA /* Category */ = {
			isa = PBXGroup;
			children = (
				40001F781B99A6D7007D2DBA /* UIBarButtonItem+DZYExtension.h */,
				40001F791B99A6D7007D2DBA /* UIBarButtonItem+DZYExtension.m */,
			);
			path = Category;
			sourceTree = "<group>";
		};
		40001F5F1B99895A007D2DBA /* Controller */ = {
			isa = PBXGroup;
			children = (
				40001F651B998CC1007D2DBA /* DZYTabBarController.h */,
				40001F661B998CC1007D2DBA /* DZYTabBarController.m */,
			);
			path = Controller;
			sourceTree = "<group>";
		};
		40001F611B99895A007D2DBA /* Model */ = {
			isa = PBXGroup;
			children = (
			);
			path = Model;
			sourceTree = "<group>";
		};
		40001F621B99895A007D2DBA /* View */ = {
			isa = PBXGroup;
			children = (
				40001F741B999313007D2DBA /* DZYTabBar.h */,
				40001F751B999313007D2DBA /* DZYTabBar.m */,
			);
			path = View;
			sourceTree = "<group>";
		};
		40E40A551B996A78002A26D7 = {
			isa = PBXGroup;
			children = (
				40E40A601B996A78002A26D7 /* BS */,
				40E40A7D1B996A78002A26D7 /* BSTests */,
				40E40A5F1B996A78002A26D7 /* Products */,
			);
			sourceTree = "<group>";
		};
		40E40A5F1B996A78002A26D7 /* Products */ = {
			isa = PBXGroup;
			children = (
				40E40A5E1B996A78002A26D7 /* BS.app */,
				40E40A7A1B996A78002A26D7 /* BSTests.xctest */,
			);
			name = Products;
			sourceTree = "<group>";
		};
		40E40A601B996A78002A26D7 /* BS */ = {
			isa = PBXGroup;
			children = (
				40001F4A1B99895A007D2DBA /* Classes */,
				40E40A611B996A78002A26D7 /* Supporting Files */,
			);
			path = BS;
			sourceTree = "<group>";
		};
		40E40A611B996A78002A26D7 /* Supporting Files */ = {
			isa = PBXGroup;
			children = (
				40E40A711B996A78002A26D7 /* Images.xcassets */,
				40E40A621B996A78002A26D7 /* Info.plist */,
			);
			name = "Supporting Files";
			sourceTree = "<group>";
		};
		40E40A7D1B996A78002A26D7 /* BSTests */ = {
			isa = PBXGroup;
			children = (
				40E40A801B996A78002A26D7 /* BSTests.m */,
				40E40A7E1B996A78002A26D7 /* Supporting Files */,
			);
			path = BSTests;
			sourceTree = "<group>";
		};
		40E40A7E1B996A78002A26D7 /* Supporting Files */ = {
			isa = PBXGroup;
			children = (
				40E40A7F1B996A78002A26D7 /* Info.plist */,
			);
			name = "Supporting Files";
			sourceTree = "<group>";
		};
/* End PBXGroup section */

/* Begin PBXNativeTarget section */
		40E40A5D1B996A78002A26D7 /* BS */ = {
			isa = PBXNativeTarget;
			buildConfigurationList = 40E40A841B996A78002A26D7 /* Build configuration list for PBXNativeTarget "BS" */;
			buildPhases = (
				40E40A5A1B996A78002A26D7 /* Sources */,
				40E40A5B1B996A78002A26D7 /* Frameworks */,
				40E40A5C1B996A78002A26D7 /* Resources */,
			);
			buildRules = (
			);
			dependencies = (
			);
			name = BS;
			productName = BS;
			productReference = 40E40A5E1B996A78002A26D7 /* BS.app */;
			productType = "com.apple.product-type.application";
		};
		40E40A791B996A78002A26D7 /* BSTests */ = {
			isa = PBXNativeTarget;
			buildConfigurationList = 40E40A871B996A78002A26D7 /* Build configuration list for PBXNativeTarget "BSTests" */;
			buildPhases = (
				40E40A761B996A78002A26D7 /* Sources */,
				40E40A771B996A78002A26D7 /* Frameworks */,
				40E40A781B996A78002A26D7 /* Resources */,
			);
			buildRules = (
			);
			dependencies = (
				40E40A7C1B996A78002A26D7 /* PBXTargetDependency */,
			);
			name = BSTests;
			productName = BSTests;
			productReference = 40E40A7A1B996A78002A26D7 /* BSTests.xctest */;
			productType = "com.apple.product-type.bundle.unit-test";
		};
/* End PBXNativeTarget section */

/* Begin PBXProject section */
		40E40A561B996A78002A26D7 /* Project object */ = {
			isa = PBXProject;
			attributes = {
				CLASSPREFIX = DZY;
				LastUpgradeCheck = 0640;
				ORGANIZATIONNAME = "董震宇";
				TargetAttributes = {
					40E40A5D1B996A78002A26D7 = {
						CreatedOnToolsVersion = 6.4;
					};
					40E40A791B996A78002A26D7 = {
						CreatedOnToolsVersion = 6.4;
						TestTargetID = 40E40A5D1B996A78002A26D7;
					};
				};
			};
			buildConfigurationList = 40E40A591B996A78002A26D7 /* Build configuration list for PBXProject "BS" */;
			compatibilityVersion = "Xcode 3.2";
			developmentRegion = English;
			hasScannedForEncodings = 0;
			knownRegions = (
				en,
				Base,
			);
			mainGroup = 40E40A551B996A78002A26D7;
			productRefGroup = 40E40A5F1B996A78002A26D7 /* Products */;
			projectDirPath = "";
			projectRoot = "";
			targets = (
				40E40A5D1B996A78002A26D7 /* BS */,
				40E40A791B996A78002A26D7 /* BSTests */,
			);
		};
/* End PBXProject section */

/* Begin PBXResourcesBuildPhase section */
		40E40A5C1B996A78002A26D7 /* Resources */ = {
			isa = PBXResourcesBuildPhase;
			buildActionMask = 2147483647;
			files = (
				40E40A721B996A78002A26D7 /* Images.xcassets in Resources */,
			);
			runOnlyForDeploymentPostprocessing = 0;
		};
		40E40A781B996A78002A26D7 /* Resources */ = {
			isa = PBXResourcesBuildPhase;
			buildActionMask = 2147483647;
			files = (
			);
			runOnlyForDeploymentPostprocessing = 0;
		};
/* End PBXResourcesBuildPhase section */

/* Begin PBXSourcesBuildPhase section */
		40E40A5A1B996A78002A26D7 /* Sources */ = {
			isa = PBXSourcesBuildPhase;
			buildActionMask = 2147483647;
			files = (
				40001F701B998D76007D2DBA /* DZYMeViewController.m in Sources */,
				40001F761B999313007D2DBA /* DZYTabBar.m in Sources */,
				40001F7A1B99A6D7007D2DBA /* UIBarButtonItem+DZYExtension.m in Sources */,
				40001F6D1B998D6A007D2DBA /* DZYFriendTrendsViewController.m in Sources */,
				40001F671B998CC1007D2DBA /* DZYTabBarController.m in Sources */,
				40001F7D1B99A964007D2DBA /* DZYTagViewController.m in Sources */,
				40001F731B998D84007D2DBA /* DZYNewViewController.m in Sources */,
				40001F801B99AB9E007D2DBA /* DZYSettingViewController.m in Sources */,
				40001F6A1B998D41007D2DBA /* DZYEssenceViewController.m in Sources */,
				40001F641B99895A007D2DBA /* main.m in Sources */,
				40001F631B99895A007D2DBA /* AppDelegate.m in Sources */,
			);
			runOnlyForDeploymentPostprocessing = 0;
		};
		40E40A761B996A78002A26D7 /* Sources */ = {
			isa = PBXSourcesBuildPhase;
			buildActionMask = 2147483647;
			files = (
				40E40A811B996A78002A26D7 /* BSTests.m in Sources */,
			);
			runOnlyForDeploymentPostprocessing = 0;
		};
/* End PBXSourcesBuildPhase section */

/* Begin PBXTargetDependency section */
		40E40A7C1B996A78002A26D7 /* PBXTargetDependency */ = {
			isa = PBXTargetDependency;
			target = 40E40A5D1B996A78002A26D7 /* BS */;
			targetProxy = 40E40A7B1B996A78002A26D7 /* PBXContainerItemProxy */;
		};
/* End PBXTargetDependency section */

/* Begin XCBuildConfiguration section */
		40E40A821B996A78002A26D7 /* Debug */ = {
			isa = XCBuildConfiguration;
			buildSettings = {
				ALWAYS_SEARCH_USER_PATHS = NO;
				CLANG_CXX_LANGUAGE_STANDARD = "gnu++0x";
				CLANG_CXX_LIBRARY = "libc++";
				CLANG_ENABLE_MODULES = YES;
				CLANG_ENABLE_OBJC_ARC = YES;
				CLANG_WARN_BOOL_CONVERSION = YES;
				CLANG_WARN_CONSTANT_CONVERSION = YES;
				CLANG_WARN_DIRECT_OBJC_ISA_USAGE = YES_ERROR;
				CLANG_WARN_EMPTY_BODY = YES;
				CLANG_WARN_ENUM_CONVERSION = YES;
				CLANG_WARN_INT_CONVERSION = YES;
				CLANG_WARN_OBJC_ROOT_CLASS = YES_ERROR;
				CLANG_WARN_UNREACHABLE_CODE = YES;
				CLANG_WARN__DUPLICATE_METHOD_MATCH = YES;
				"CODE_SIGN_IDENTITY[sdk=iphoneos*]" = "iPhone Developer";
				COPY_PHASE_STRIP = NO;
				DEBUG_INFORMATION_FORMAT = "dwarf-with-dsym";
				ENABLE_STRICT_OBJC_MSGSEND = YES;
				GCC_C_LANGUAGE_STANDARD = gnu99;
				GCC_DYNAMIC_NO_PIC = NO;
				GCC_NO_COMMON_BLOCKS = YES;
				GCC_OPTIMIZATION_LEVEL = 0;
				GCC_PREFIX_HEADER = "BS/Classes/Other-其它/PrefixHeader.pch";
				GCC_PREPROCESSOR_DEFINITIONS = (
					"DEBUG=1",
					"$(inherited)",
				);
				GCC_SYMBOLS_PRIVATE_EXTERN = NO;
				GCC_WARN_64_TO_32_BIT_CONVERSION = YES;
				GCC_WARN_ABOUT_RETURN_TYPE = YES_ERROR;
				GCC_WARN_UNDECLARED_SELECTOR = YES;
				GCC_WARN_UNINITIALIZED_AUTOS = YES_AGGRESSIVE;
				GCC_WARN_UNUSED_FUNCTION = YES;
				GCC_WARN_UNUSED_VARIABLE = YES;
				IPHONEOS_DEPLOYMENT_TARGET = 8.4;
				MTL_ENABLE_DEBUG_INFO = YES;
				ONLY_ACTIVE_ARCH = YES;
				SDKROOT = iphoneos;
			};
			name = Debug;
		};
		40E40A831B996A78002A26D7 /* Release */ = {
			isa = XCBuildConfiguration;
			buildSettings = {
				ALWAYS_SEARCH_USER_PATHS = NO;
				CLANG_CXX_LANGUAGE_STANDARD = "gnu++0x";
				CLANG_CXX_LIBRARY = "libc++";
				CLANG_ENABLE_MODULES = YES;
				CLANG_ENABLE_OBJC_ARC = YES;
				CLANG_WARN_BOOL_CONVERSION = YES;
				CLANG_WARN_CONSTANT_CONVERSION = YES;
				CLANG_WARN_DIRECT_OBJC_ISA_USAGE = YES_ERROR;
				CLANG_WARN_EMPTY_BODY = YES;
				CLANG_WARN_ENUM_CONVERSION = YES;
				CLANG_WARN_INT_CONVERSION = YES;
				CLANG_WARN_OBJC_ROOT_CLASS = YES_ERROR;
				CLANG_WARN_UNREACHABLE_CODE = YES;
				CLANG_WARN__DUPLICATE_METHOD_MATCH = YES;
				"CODE_SIGN_IDENTITY[sdk=iphoneos*]" = "iPhone Developer";
				COPY_PHASE_STRIP = NO;
				DEBUG_INFORMATION_FORMAT = "dwarf-with-dsym";
				ENABLE_NS_ASSERTIONS = NO;
				ENABLE_STRICT_OBJC_MSGSEND = YES;
				GCC_C_LANGUAGE_STANDARD = gnu99;
				GCC_NO_COMMON_BLOCKS = YES;
				GCC_PREFIX_HEADER = "BS/Classes/Other-其它/PrefixHeader.pch";
				GCC_WARN_64_TO_32_BIT_CONVERSION = YES;
				GCC_WARN_ABOUT_RETURN_TYPE = YES_ERROR;
				GCC_WARN_UNDECLARED_SELECTOR = YES;
				GCC_WARN_UNINITIALIZED_AUTOS = YES_AGGRESSIVE;
				GCC_WARN_UNUSED_FUNCTION = YES;
				GCC_WARN_UNUSED_VARIABLE = YES;
				IPHONEOS_DEPLOYMENT_TARGET = 8.4;
				MTL_ENABLE_DEBUG_INFO = NO;
				SDKROOT = iphoneos;
				VALIDATE_PRODUCT = YES;
			};
			name = Release;
		};
		40E40A851B996A78002A26D7 /* Debug */ = {
			isa = XCBuildConfiguration;
			buildSettings = {
				ASSETCATALOG_COMPILER_APPICON_NAME = AppIcon;
				ASSETCATALOG_COMPILER_LAUNCHIMAGE_NAME = LaunchImage;
				INFOPLIST_FILE = BS/Info.plist;
				LD_RUNPATH_SEARCH_PATHS = "$(inherited) @executable_path/Frameworks";
				PRODUCT_NAME = "$(TARGET_NAME)";
			};
			name = Debug;
		};
		40E40A861B996A78002A26D7 /* Release */ = {
			isa = XCBuildConfiguration;
			buildSettings = {
				ASSETCATALOG_COMPILER_APPICON_NAME = AppIcon;
				ASSETCATALOG_COMPILER_LAUNCHIMAGE_NAME = LaunchImage;
				INFOPLIST_FILE = BS/Info.plist;
				LD_RUNPATH_SEARCH_PATHS = "$(inherited) @executable_path/Frameworks";
				PRODUCT_NAME = "$(TARGET_NAME)";
			};
			name = Release;
		};
		40E40A881B996A78002A26D7 /* Debug */ = {
			isa = XCBuildConfiguration;
			buildSettings = {
				BUNDLE_LOADER = "$(TEST_HOST)";
				FRAMEWORK_SEARCH_PATHS = (
					"$(SDKROOT)/Developer/Library/Frameworks",
					"$(inherited)",
				);
				GCC_PREPROCESSOR_DEFINITIONS = (
					"DEBUG=1",
					"$(inherited)",
				);
				INFOPLIST_FILE = BSTests/Info.plist;
				LD_RUNPATH_SEARCH_PATHS = "$(inherited) @executable_path/Frameworks @loader_path/Frameworks";
				PRODUCT_NAME = "$(TARGET_NAME)";
				TEST_HOST = "$(BUILT_PRODUCTS_DIR)/BS.app/BS";
			};
			name = Debug;
		};
		40E40A891B996A78002A26D7 /* Release */ = {
			isa = XCBuildConfiguration;
			buildSettings = {
				BUNDLE_LOADER = "$(TEST_HOST)";
				FRAMEWORK_SEARCH_PATHS = (
					"$(SDKROOT)/Developer/Library/Frameworks",
					"$(inherited)",
				);
				INFOPLIST_FILE = BSTests/Info.plist;
				LD_RUNPATH_SEARCH_PATHS = "$(inherited) @executable_path/Frameworks @loader_path/Frameworks";
				PRODUCT_NAME = "$(TARGET_NAME)";
				TEST_HOST = "$(BUILT_PRODUCTS_DIR)/BS.app/BS";
			};
			name = Release;
		};
/* End XCBuildConfiguration section */

/* Begin XCConfigurationList section */
		40E40A591B996A78002A26D7 /* Build configuration list for PBXProject "BS" */ = {
			isa = XCConfigurationList;
			buildConfigurations = (
				40E40A821B996A78002A26D7 /* Debug */,
				40E40A831B996A78002A26D7 /* Release */,
			);
			defaultConfigurationIsVisible = 0;
			defaultConfigurationName = Release;
		};
		40E40A841B996A78002A26D7 /* Build configuration list for PBXNativeTarget "BS" */ = {
			isa = XCConfigurationList;
			buildConfigurations = (
				40E40A851B996A78002A26D7 /* Debug */,
				40E40A861B996A78002A26D7 /* Release */,
			);
			defaultConfigurationIsVisible = 0;
			defaultConfigurationName = Release;
		};
		40E40A871B996A78002A26D7 /* Build configuration list for PBXNativeTarget "BSTests" */ = {
			isa = XCConfigurationList;
			buildConfigurations = (
				40E40A881B996A78002A26D7 /* Debug */,
				40E40A891B996A78002A26D7 /* Release */,
			);
			defaultConfigurationIsVisible = 0;
			defaultConfigurationName = Release;
		};
/* End XCConfigurationList section */
	};
	rootObject = 40E40A561B996A78002A26D7 /* Project object */;
}
